
Microsoft Visual Studio Solution File, Format Version 12.00
# Visual Studio 15
VisualStudioVersion = 15.0.26430.13
MinimumVisualStudioVersion = 10.0.40219.1
Project("{FAE04EC0-301F-11D3-BF4B-00C04F79EFBC}") = "OpenNETCF.IoC.Standard", "OpenNETCF.IoC\OpenNETCF.IoC.Standard.csproj", "{E2FEFCB7-D29F-47AD-BFE4-9DC02FEABF5D}"
EndProject
Global
	GlobalSection(SolutionConfigurationPlatforms) = preSolution
		Debug|Any CPU = Debug|Any CPU
		Release|Any CPU = Release|Any CPU
	EndGlobalSection
	GlobalSection(ProjectConfigurationPlatforms) = postSolution
		{E2FEFCB7-D29F-47AD-BFE4-9DC02FEABF5D}.Debug|Any CPU.ActiveCfg = Debug|Any CPU
		{E2FEFCB7-D29F-47AD-BFE4-9DC02FEABF5D}.Debug|Any CPU.Build.0 = Debug|Any CPU
		{E2FEFCB7-D29F-47AD-BFE4-9DC02FEABF5D}.Release|Any CPU.ActiveCfg = Release|Any CPU
		{E2FEFCB7-D29F-47AD-BFE4-9DC02FEABF5D}.Release|Any CPU.Build.0 = Release|Any CPU
	EndGlobalSection
	GlobalSection(SolutionProperties) = preSolution
		HideSolutionNode = FALSE
	EndGlobalSection
EndGlobal
