
Microsoft Visual Studio Solution File, Format Version 12.00
# Visual Studio 14
VisualStudioVersion = 14.0.25123.0
MinimumVisualStudioVersion = 10.0.40219.1
Project("{FAE04EC0-301F-11D3-BF4B-00C04F79EFBC}") = "OpenNETCF.IoC.FFx", "OpenNETCF.IoC\OpenNETCF.IoC.FFx.csproj", "{AAD0D35C-626C-4777-95D6-DBACEBD3B5C9}"
EndProject
Project("{FAE04EC0-301F-11D3-BF4B-00C04F79EFBC}") = "OpenNETCF.Extensions.FFx", "OpenNETCF.Extensions\OpenNETCF.Extensions.FFx.csproj", "{82D377B5-7A45-439C-BECB-7D008E7152B3}"
EndProject
Project("{FAE04EC0-301F-11D3-BF4B-00C04F79EFBC}") = "OpenNETCF.IoC.UI", "OpenNETCF.IoC.UI\OpenNETCF.IoC.UI.csproj", "{BCD73E42-C3CA-4E31-BE73-F583A09A80F6}"
EndProject
Project("{FAE04EC0-301F-11D3-BF4B-00C04F79EFBC}") = "OpenNETCF.IoC.Mono", "OpenNETCF.IoC\OpenNETCF.IoC.Mono.csproj", "{9B395D45-2D29-47DA-9987-D95623ABD985}"
EndProject
Project("{2150E333-8FDC-42A3-9474-1A3956D46DE8}") = "Mono", "Mono", "{DA260354-822E-4156-9861-3ED0D3BDC2C2}"
EndProject
Project("{2150E333-8FDC-42A3-9474-1A3956D46DE8}") = "FFx", "FFx", "{C6000175-716C-4CDF-BB7F-D0400CAB7378}"
EndProject
Project("{FAE04EC0-301F-11D3-BF4B-00C04F79EFBC}") = "OpenNETCF.Extensions.Mono", "OpenNETCF.Extensions\OpenNETCF.Extensions.Mono.csproj", "{27D7516D-F876-4380-9880-6231BB6EA380}"
EndProject
Global
	GlobalSection(SolutionConfigurationPlatforms) = preSolution
		Debug|Any CPU = Debug|Any CPU
		FFxRelease|Any CPU = FFxRelease|Any CPU
		MonoRelease|Any CPU = MonoRelease|Any CPU
	EndGlobalSection
	GlobalSection(ProjectConfigurationPlatforms) = postSolution
		{AAD0D35C-626C-4777-95D6-DBACEBD3B5C9}.Debug|Any CPU.ActiveCfg = Debug|Any CPU
		{AAD0D35C-626C-4777-95D6-DBACEBD3B5C9}.Debug|Any CPU.Build.0 = Debug|Any CPU
		{AAD0D35C-626C-4777-95D6-DBACEBD3B5C9}.FFxRelease|Any CPU.ActiveCfg = FFxRelease|Any CPU
		{AAD0D35C-626C-4777-95D6-DBACEBD3B5C9}.FFxRelease|Any CPU.Build.0 = FFxRelease|Any CPU
		{AAD0D35C-626C-4777-95D6-DBACEBD3B5C9}.MonoRelease|Any CPU.ActiveCfg = MonoRelease|Any CPU
		{82D377B5-7A45-439C-BECB-7D008E7152B3}.Debug|Any CPU.ActiveCfg = Debug|Any CPU
		{82D377B5-7A45-439C-BECB-7D008E7152B3}.Debug|Any CPU.Build.0 = Debug|Any CPU
		{82D377B5-7A45-439C-BECB-7D008E7152B3}.FFxRelease|Any CPU.ActiveCfg = FFxRelease|Any CPU
		{82D377B5-7A45-439C-BECB-7D008E7152B3}.FFxRelease|Any CPU.Build.0 = FFxRelease|Any CPU
		{82D377B5-7A45-439C-BECB-7D008E7152B3}.MonoRelease|Any CPU.ActiveCfg = MonoRelease|Any CPU
		{BCD73E42-C3CA-4E31-BE73-F583A09A80F6}.Debug|Any CPU.ActiveCfg = Debug|Any CPU
		{BCD73E42-C3CA-4E31-BE73-F583A09A80F6}.Debug|Any CPU.Build.0 = Debug|Any CPU
		{BCD73E42-C3CA-4E31-BE73-F583A09A80F6}.FFxRelease|Any CPU.ActiveCfg = FFxRelease|Any CPU
		{BCD73E42-C3CA-4E31-BE73-F583A09A80F6}.FFxRelease|Any CPU.Build.0 = FFxRelease|Any CPU
		{BCD73E42-C3CA-4E31-BE73-F583A09A80F6}.MonoRelease|Any CPU.ActiveCfg = MonoRelease|Any CPU
		{9B395D45-2D29-47DA-9987-D95623ABD985}.Debug|Any CPU.ActiveCfg = Debug|Any CPU
		{9B395D45-2D29-47DA-9987-D95623ABD985}.Debug|Any CPU.Build.0 = Debug|Any CPU
		{9B395D45-2D29-47DA-9987-D95623ABD985}.FFxRelease|Any CPU.ActiveCfg = FFxRelease|Any CPU
		{9B395D45-2D29-47DA-9987-D95623ABD985}.MonoRelease|Any CPU.ActiveCfg = MonoRelease|Any CPU
		{9B395D45-2D29-47DA-9987-D95623ABD985}.MonoRelease|Any CPU.Build.0 = MonoRelease|Any CPU
		{27D7516D-F876-4380-9880-6231BB6EA380}.Debug|Any CPU.ActiveCfg = Debug|Any CPU
		{27D7516D-F876-4380-9880-6231BB6EA380}.Debug|Any CPU.Build.0 = Debug|Any CPU
		{27D7516D-F876-4380-9880-6231BB6EA380}.FFxRelease|Any CPU.ActiveCfg = FFxRelease|Any CPU
		{27D7516D-F876-4380-9880-6231BB6EA380}.MonoRelease|Any CPU.ActiveCfg = MonoRelease|Any CPU
		{27D7516D-F876-4380-9880-6231BB6EA380}.MonoRelease|Any CPU.Build.0 = MonoRelease|Any CPU
	EndGlobalSection
	GlobalSection(SolutionProperties) = preSolution
		HideSolutionNode = FALSE
	EndGlobalSection
	GlobalSection(NestedProjects) = preSolution
		{AAD0D35C-626C-4777-95D6-DBACEBD3B5C9} = {C6000175-716C-4CDF-BB7F-D0400CAB7378}
		{82D377B5-7A45-439C-BECB-7D008E7152B3} = {C6000175-716C-4CDF-BB7F-D0400CAB7378}
		{BCD73E42-C3CA-4E31-BE73-F583A09A80F6} = {C6000175-716C-4CDF-BB7F-D0400CAB7378}
		{9B395D45-2D29-47DA-9987-D95623ABD985} = {DA260354-822E-4156-9861-3ED0D3BDC2C2}
		{27D7516D-F876-4380-9880-6231BB6EA380} = {DA260354-822E-4156-9861-3ED0D3BDC2C2}
	EndGlobalSection
EndGlobal
