
Microsoft Visual Studio Solution File, Format Version 12.00
# Visual Studio 14
VisualStudioVersion = 14.0.25123.0
MinimumVisualStudioVersion = 10.0.40219.1
Project("{FAE04EC0-301F-11D3-BF4B-00C04F79EFBC}") = "OpenNETCF.IoC.FFx", "OpenNETCF.IoC\OpenNETCF.IoC.FFx.csproj", "{AAD0D35C-626C-4777-95D6-DBACEBD3B5C9}"
EndProject
Global
	GlobalSection(SolutionConfigurationPlatforms) = preSolution
		Debug|Any CPU = Debug|Any CPU
		Nat's|Any CPU = Nat's|Any CPU
		Release|Any CPU = Release|Any CPU
	EndGlobalSection
	GlobalSection(ProjectConfigurationPlatforms) = postSolution
		{AAD0D35C-626C-4777-95D6-DBACEBD3B5C9}.Debug|Any CPU.ActiveCfg = Debug|Any CPU
		{AAD0D35C-626C-4777-95D6-DBACEBD3B5C9}.Debug|Any CPU.Build.0 = Debug|Any CPU
		{AAD0D35C-626C-4777-95D6-DBACEBD3B5C9}.Nat's|Any CPU.ActiveCfg = Nat's|Any CPU
		{AAD0D35C-626C-4777-95D6-DBACEBD3B5C9}.Nat's|Any CPU.Build.0 = Nat's|Any CPU
		{AAD0D35C-626C-4777-95D6-DBACEBD3B5C9}.Release|Any CPU.ActiveCfg = Release|Any CPU
		{AAD0D35C-626C-4777-95D6-DBACEBD3B5C9}.Release|Any CPU.Build.0 = Release|Any CPU
	EndGlobalSection
	GlobalSection(SolutionProperties) = preSolution
		HideSolutionNode = FALSE
	EndGlobalSection
EndGlobal
