
Microsoft Visual Studio Solution File, Format Version 12.00
# Visual Studio 14
VisualStudioVersion = 14.0.25123.0
MinimumVisualStudioVersion = 10.0.40219.1
Project("{FAE04EC0-301F-11D3-BF4B-00C04F79EFBC}") = "OpenNETCF.Extensions.PCL", "OpenNETCF.Extensions\OpenNETCF.Extensions.PCL.csproj", "{0CCFEEE5-54E1-45F6-B699-D64CE5A36F00}"
EndProject
Project("{FAE04EC0-301F-11D3-BF4B-00C04F79EFBC}") = "OpenNETCF.IoC.Xamarin.Forms", "OpenNETCF.IoC\OpenNETCF.IoC.Xamarin.Forms.csproj", "{E2FEFCB7-D29F-47AD-BFE4-9DC02FEABF5D}"
EndProject
Project("{2150E333-8FDC-42A3-9474-1A3956D46DE8}") = "Examples", "Examples", "{E93AB32B-F9DC-4F2C-9B06-9EEA87347BB4}"
EndProject
Project("{FAE04EC0-301F-11D3-BF4B-00C04F79EFBC}") = "NavigationExample.Droid", "Examples\NavigationExample\NavigationExample.Droid\NavigationExample.Droid.csproj", "{60B553F3-7902-417A-8F05-639BE5201552}"
EndProject
Project("{FAE04EC0-301F-11D3-BF4B-00C04F79EFBC}") = "NavigationExample.iOS", "Examples\NavigationExample\NavigationExample.iOS\NavigationExample.iOS.csproj", "{13DD24C7-14F8-40BB-95CD-1FEE1326B16D}"
EndProject
Project("{FAE04EC0-301F-11D3-BF4B-00C04F79EFBC}") = "NavigationExample", "Examples\NavigationExample\NavigationExample\NavigationExample.csproj", "{9C951AB8-F066-4D11-ADD0-D1B0FC2AF809}"
EndProject
Project("{2150E333-8FDC-42A3-9474-1A3956D46DE8}") = "Android", "Android", "{0AC14566-50BE-4922-9465-95CDF2EB61B2}"
EndProject
Project("{2150E333-8FDC-42A3-9474-1A3956D46DE8}") = "iOS", "iOS", "{EAE15DDF-A688-487B-9615-39837DAAAA07}"
EndProject
Project("{2150E333-8FDC-42A3-9474-1A3956D46DE8}") = "WinPhone", "WinPhone", "{47EF51DA-84C3-4B72-B9CE-9E6E88FE3BE9}"
EndProject
Project("{2150E333-8FDC-42A3-9474-1A3956D46DE8}") = "Platform Specific", "Platform Specific", "{9F7B482A-FDBE-48CD-901F-360EB25D18F2}"
EndProject
Project("{2150E333-8FDC-42A3-9474-1A3956D46DE8}") = "Portable", "Portable", "{1851AEAA-89C9-4C80-A166-9CFC83C8EE6A}"
EndProject
Project("{FAE04EC0-301F-11D3-BF4B-00C04F79EFBC}") = "OpenNETCF.Google.Analytics", "OpenNETCF.Google.Analytics\Portable\OpenNETCF.Google.Analytics.csproj", "{073B3F16-C162-43F6-A0A2-0D4008BF817D}"
EndProject
Project("{FAE04EC0-301F-11D3-BF4B-00C04F79EFBC}") = "OpenNETCF.Google.Analytics.Android", "OpenNETCF.Google.Analytics\OpenNETCF.Google.Analytics.Android\OpenNETCF.Google.Analytics.Android.csproj", "{A9CF579A-C302-46EB-86AA-A346B1855C30}"
EndProject
Project("{2150E333-8FDC-42A3-9474-1A3956D46DE8}") = "Navigation", "Navigation", "{38F7A332-3289-4470-BDCE-389E80B4081B}"
EndProject
Project("{2150E333-8FDC-42A3-9474-1A3956D46DE8}") = "Analytics", "Analytics", "{CF79B7F8-60AA-4751-AF96-8C058289E037}"
EndProject
Project("{FAE04EC0-301F-11D3-BF4B-00C04F79EFBC}") = "OpenNETCF.Google.Analytics.iOS", "OpenNETCF.Google.Analytics\OpenNETCF.Google.Analytics.iOS\OpenNETCF.Google.Analytics.iOS.csproj", "{8555E87F-28EC-474D-8CCD-7DB873E9F9FB}"
EndProject
Global
	GlobalSection(SolutionConfigurationPlatforms) = preSolution
		Ad-Hoc|Any CPU = Ad-Hoc|Any CPU
		Ad-Hoc|iPhone = Ad-Hoc|iPhone
		Ad-Hoc|iPhoneSimulator = Ad-Hoc|iPhoneSimulator
		AppStore|Any CPU = AppStore|Any CPU
		AppStore|iPhone = AppStore|iPhone
		AppStore|iPhoneSimulator = AppStore|iPhoneSimulator
		Debug|Any CPU = Debug|Any CPU
		Debug|iPhone = Debug|iPhone
		Debug|iPhoneSimulator = Debug|iPhoneSimulator
		Release|Any CPU = Release|Any CPU
		Release|iPhone = Release|iPhone
		Release|iPhoneSimulator = Release|iPhoneSimulator
	EndGlobalSection
	GlobalSection(ProjectConfigurationPlatforms) = postSolution
		{0CCFEEE5-54E1-45F6-B699-D64CE5A36F00}.Ad-Hoc|Any CPU.ActiveCfg = Release|Any CPU
		{0CCFEEE5-54E1-45F6-B699-D64CE5A36F00}.Ad-Hoc|Any CPU.Build.0 = Release|Any CPU
		{0CCFEEE5-54E1-45F6-B699-D64CE5A36F00}.Ad-Hoc|iPhone.ActiveCfg = Release|Any CPU
		{0CCFEEE5-54E1-45F6-B699-D64CE5A36F00}.Ad-Hoc|iPhone.Build.0 = Release|Any CPU
		{0CCFEEE5-54E1-45F6-B699-D64CE5A36F00}.Ad-Hoc|iPhoneSimulator.ActiveCfg = Release|Any CPU
		{0CCFEEE5-54E1-45F6-B699-D64CE5A36F00}.Ad-Hoc|iPhoneSimulator.Build.0 = Release|Any CPU
		{0CCFEEE5-54E1-45F6-B699-D64CE5A36F00}.AppStore|Any CPU.ActiveCfg = Release|Any CPU
		{0CCFEEE5-54E1-45F6-B699-D64CE5A36F00}.AppStore|Any CPU.Build.0 = Release|Any CPU
		{0CCFEEE5-54E1-45F6-B699-D64CE5A36F00}.AppStore|iPhone.ActiveCfg = Release|Any CPU
		{0CCFEEE5-54E1-45F6-B699-D64CE5A36F00}.AppStore|iPhone.Build.0 = Release|Any CPU
		{0CCFEEE5-54E1-45F6-B699-D64CE5A36F00}.AppStore|iPhoneSimulator.ActiveCfg = Release|Any CPU
		{0CCFEEE5-54E1-45F6-B699-D64CE5A36F00}.AppStore|iPhoneSimulator.Build.0 = Release|Any CPU
		{0CCFEEE5-54E1-45F6-B699-D64CE5A36F00}.Debug|Any CPU.ActiveCfg = Debug|Any CPU
		{0CCFEEE5-54E1-45F6-B699-D64CE5A36F00}.Debug|Any CPU.Build.0 = Debug|Any CPU
		{0CCFEEE5-54E1-45F6-B699-D64CE5A36F00}.Debug|iPhone.ActiveCfg = Debug|Any CPU
		{0CCFEEE5-54E1-45F6-B699-D64CE5A36F00}.Debug|iPhone.Build.0 = Debug|Any CPU
		{0CCFEEE5-54E1-45F6-B699-D64CE5A36F00}.Debug|iPhoneSimulator.ActiveCfg = Debug|Any CPU
		{0CCFEEE5-54E1-45F6-B699-D64CE5A36F00}.Debug|iPhoneSimulator.Build.0 = Debug|Any CPU
		{0CCFEEE5-54E1-45F6-B699-D64CE5A36F00}.Release|Any CPU.ActiveCfg = Release|Any CPU
		{0CCFEEE5-54E1-45F6-B699-D64CE5A36F00}.Release|Any CPU.Build.0 = Release|Any CPU
		{0CCFEEE5-54E1-45F6-B699-D64CE5A36F00}.Release|iPhone.ActiveCfg = Release|Any CPU
		{0CCFEEE5-54E1-45F6-B699-D64CE5A36F00}.Release|iPhone.Build.0 = Release|Any CPU
		{0CCFEEE5-54E1-45F6-B699-D64CE5A36F00}.Release|iPhoneSimulator.ActiveCfg = Release|Any CPU
		{0CCFEEE5-54E1-45F6-B699-D64CE5A36F00}.Release|iPhoneSimulator.Build.0 = Release|Any CPU
		{E2FEFCB7-D29F-47AD-BFE4-9DC02FEABF5D}.Ad-Hoc|Any CPU.ActiveCfg = Release|Any CPU
		{E2FEFCB7-D29F-47AD-BFE4-9DC02FEABF5D}.Ad-Hoc|Any CPU.Build.0 = Release|Any CPU
		{E2FEFCB7-D29F-47AD-BFE4-9DC02FEABF5D}.Ad-Hoc|iPhone.ActiveCfg = Release|Any CPU
		{E2FEFCB7-D29F-47AD-BFE4-9DC02FEABF5D}.Ad-Hoc|iPhone.Build.0 = Release|Any CPU
		{E2FEFCB7-D29F-47AD-BFE4-9DC02FEABF5D}.Ad-Hoc|iPhoneSimulator.ActiveCfg = Release|Any CPU
		{E2FEFCB7-D29F-47AD-BFE4-9DC02FEABF5D}.Ad-Hoc|iPhoneSimulator.Build.0 = Release|Any CPU
		{E2FEFCB7-D29F-47AD-BFE4-9DC02FEABF5D}.AppStore|Any CPU.ActiveCfg = Release|Any CPU
		{E2FEFCB7-D29F-47AD-BFE4-9DC02FEABF5D}.AppStore|Any CPU.Build.0 = Release|Any CPU
		{E2FEFCB7-D29F-47AD-BFE4-9DC02FEABF5D}.AppStore|iPhone.ActiveCfg = Release|Any CPU
		{E2FEFCB7-D29F-47AD-BFE4-9DC02FEABF5D}.AppStore|iPhone.Build.0 = Release|Any CPU
		{E2FEFCB7-D29F-47AD-BFE4-9DC02FEABF5D}.AppStore|iPhoneSimulator.ActiveCfg = Release|Any CPU
		{E2FEFCB7-D29F-47AD-BFE4-9DC02FEABF5D}.AppStore|iPhoneSimulator.Build.0 = Release|Any CPU
		{E2FEFCB7-D29F-47AD-BFE4-9DC02FEABF5D}.Debug|Any CPU.ActiveCfg = Debug|Any CPU
		{E2FEFCB7-D29F-47AD-BFE4-9DC02FEABF5D}.Debug|Any CPU.Build.0 = Debug|Any CPU
		{E2FEFCB7-D29F-47AD-BFE4-9DC02FEABF5D}.Debug|iPhone.ActiveCfg = Debug|Any CPU
		{E2FEFCB7-D29F-47AD-BFE4-9DC02FEABF5D}.Debug|iPhone.Build.0 = Debug|Any CPU
		{E2FEFCB7-D29F-47AD-BFE4-9DC02FEABF5D}.Debug|iPhoneSimulator.ActiveCfg = Debug|Any CPU
		{E2FEFCB7-D29F-47AD-BFE4-9DC02FEABF5D}.Debug|iPhoneSimulator.Build.0 = Debug|Any CPU
		{E2FEFCB7-D29F-47AD-BFE4-9DC02FEABF5D}.Release|Any CPU.ActiveCfg = Release|Any CPU
		{E2FEFCB7-D29F-47AD-BFE4-9DC02FEABF5D}.Release|Any CPU.Build.0 = Release|Any CPU
		{E2FEFCB7-D29F-47AD-BFE4-9DC02FEABF5D}.Release|iPhone.ActiveCfg = Release|Any CPU
		{E2FEFCB7-D29F-47AD-BFE4-9DC02FEABF5D}.Release|iPhone.Build.0 = Release|Any CPU
		{E2FEFCB7-D29F-47AD-BFE4-9DC02FEABF5D}.Release|iPhoneSimulator.ActiveCfg = Release|Any CPU
		{E2FEFCB7-D29F-47AD-BFE4-9DC02FEABF5D}.Release|iPhoneSimulator.Build.0 = Release|Any CPU
		{60B553F3-7902-417A-8F05-639BE5201552}.Ad-Hoc|Any CPU.ActiveCfg = Release|Any CPU
		{60B553F3-7902-417A-8F05-639BE5201552}.Ad-Hoc|Any CPU.Build.0 = Release|Any CPU
		{60B553F3-7902-417A-8F05-639BE5201552}.Ad-Hoc|Any CPU.Deploy.0 = Release|Any CPU
		{60B553F3-7902-417A-8F05-639BE5201552}.Ad-Hoc|iPhone.ActiveCfg = Release|Any CPU
		{60B553F3-7902-417A-8F05-639BE5201552}.Ad-Hoc|iPhone.Build.0 = Release|Any CPU
		{60B553F3-7902-417A-8F05-639BE5201552}.Ad-Hoc|iPhone.Deploy.0 = Release|Any CPU
		{60B553F3-7902-417A-8F05-639BE5201552}.Ad-Hoc|iPhoneSimulator.ActiveCfg = Release|Any CPU
		{60B553F3-7902-417A-8F05-639BE5201552}.Ad-Hoc|iPhoneSimulator.Build.0 = Release|Any CPU
		{60B553F3-7902-417A-8F05-639BE5201552}.Ad-Hoc|iPhoneSimulator.Deploy.0 = Release|Any CPU
		{60B553F3-7902-417A-8F05-639BE5201552}.AppStore|Any CPU.ActiveCfg = Release|Any CPU
		{60B553F3-7902-417A-8F05-639BE5201552}.AppStore|Any CPU.Build.0 = Release|Any CPU
		{60B553F3-7902-417A-8F05-639BE5201552}.AppStore|Any CPU.Deploy.0 = Release|Any CPU
		{60B553F3-7902-417A-8F05-639BE5201552}.AppStore|iPhone.ActiveCfg = Release|Any CPU
		{60B553F3-7902-417A-8F05-639BE5201552}.AppStore|iPhone.Build.0 = Release|Any CPU
		{60B553F3-7902-417A-8F05-639BE5201552}.AppStore|iPhone.Deploy.0 = Release|Any CPU
		{60B553F3-7902-417A-8F05-639BE5201552}.AppStore|iPhoneSimulator.ActiveCfg = Release|Any CPU
		{60B553F3-7902-417A-8F05-639BE5201552}.AppStore|iPhoneSimulator.Build.0 = Release|Any CPU
		{60B553F3-7902-417A-8F05-639BE5201552}.AppStore|iPhoneSimulator.Deploy.0 = Release|Any CPU
		{60B553F3-7902-417A-8F05-639BE5201552}.Debug|Any CPU.ActiveCfg = Debug|Any CPU
		{60B553F3-7902-417A-8F05-639BE5201552}.Debug|Any CPU.Build.0 = Debug|Any CPU
		{60B553F3-7902-417A-8F05-639BE5201552}.Debug|Any CPU.Deploy.0 = Debug|Any CPU
		{60B553F3-7902-417A-8F05-639BE5201552}.Debug|iPhone.ActiveCfg = Debug|Any CPU
		{60B553F3-7902-417A-8F05-639BE5201552}.Debug|iPhone.Build.0 = Debug|Any CPU
		{60B553F3-7902-417A-8F05-639BE5201552}.Debug|iPhone.Deploy.0 = Debug|Any CPU
		{60B553F3-7902-417A-8F05-639BE5201552}.Debug|iPhoneSimulator.ActiveCfg = Debug|Any CPU
		{60B553F3-7902-417A-8F05-639BE5201552}.Debug|iPhoneSimulator.Build.0 = Debug|Any CPU
		{60B553F3-7902-417A-8F05-639BE5201552}.Debug|iPhoneSimulator.Deploy.0 = Debug|Any CPU
		{60B553F3-7902-417A-8F05-639BE5201552}.Release|Any CPU.ActiveCfg = Release|Any CPU
		{60B553F3-7902-417A-8F05-639BE5201552}.Release|Any CPU.Build.0 = Release|Any CPU
		{60B553F3-7902-417A-8F05-639BE5201552}.Release|Any CPU.Deploy.0 = Release|Any CPU
		{60B553F3-7902-417A-8F05-639BE5201552}.Release|iPhone.ActiveCfg = Release|Any CPU
		{60B553F3-7902-417A-8F05-639BE5201552}.Release|iPhone.Build.0 = Release|Any CPU
		{60B553F3-7902-417A-8F05-639BE5201552}.Release|iPhone.Deploy.0 = Release|Any CPU
		{60B553F3-7902-417A-8F05-639BE5201552}.Release|iPhoneSimulator.ActiveCfg = Release|Any CPU
		{60B553F3-7902-417A-8F05-639BE5201552}.Release|iPhoneSimulator.Build.0 = Release|Any CPU
		{60B553F3-7902-417A-8F05-639BE5201552}.Release|iPhoneSimulator.Deploy.0 = Release|Any CPU
		{13DD24C7-14F8-40BB-95CD-1FEE1326B16D}.Ad-Hoc|Any CPU.ActiveCfg = Ad-Hoc|iPhone
		{13DD24C7-14F8-40BB-95CD-1FEE1326B16D}.Ad-Hoc|iPhone.ActiveCfg = Ad-Hoc|iPhone
		{13DD24C7-14F8-40BB-95CD-1FEE1326B16D}.Ad-Hoc|iPhone.Build.0 = Ad-Hoc|iPhone
		{13DD24C7-14F8-40BB-95CD-1FEE1326B16D}.Ad-Hoc|iPhoneSimulator.ActiveCfg = Ad-Hoc|iPhoneSimulator
		{13DD24C7-14F8-40BB-95CD-1FEE1326B16D}.Ad-Hoc|iPhoneSimulator.Build.0 = Ad-Hoc|iPhoneSimulator
		{13DD24C7-14F8-40BB-95CD-1FEE1326B16D}.AppStore|Any CPU.ActiveCfg = AppStore|iPhone
		{13DD24C7-14F8-40BB-95CD-1FEE1326B16D}.AppStore|iPhone.ActiveCfg = AppStore|iPhone
		{13DD24C7-14F8-40BB-95CD-1FEE1326B16D}.AppStore|iPhone.Build.0 = AppStore|iPhone
		{13DD24C7-14F8-40BB-95CD-1FEE1326B16D}.AppStore|iPhoneSimulator.ActiveCfg = AppStore|iPhoneSimulator
		{13DD24C7-14F8-40BB-95CD-1FEE1326B16D}.AppStore|iPhoneSimulator.Build.0 = AppStore|iPhoneSimulator
		{13DD24C7-14F8-40BB-95CD-1FEE1326B16D}.Debug|Any CPU.ActiveCfg = Debug|iPhone
		{13DD24C7-14F8-40BB-95CD-1FEE1326B16D}.Debug|iPhone.ActiveCfg = Debug|iPhone
		{13DD24C7-14F8-40BB-95CD-1FEE1326B16D}.Debug|iPhone.Build.0 = Debug|iPhone
		{13DD24C7-14F8-40BB-95CD-1FEE1326B16D}.Debug|iPhoneSimulator.ActiveCfg = Debug|iPhoneSimulator
		{13DD24C7-14F8-40BB-95CD-1FEE1326B16D}.Debug|iPhoneSimulator.Build.0 = Debug|iPhoneSimulator
		{13DD24C7-14F8-40BB-95CD-1FEE1326B16D}.Release|Any CPU.ActiveCfg = Release|iPhone
		{13DD24C7-14F8-40BB-95CD-1FEE1326B16D}.Release|iPhone.ActiveCfg = Release|iPhone
		{13DD24C7-14F8-40BB-95CD-1FEE1326B16D}.Release|iPhone.Build.0 = Release|iPhone
		{13DD24C7-14F8-40BB-95CD-1FEE1326B16D}.Release|iPhoneSimulator.ActiveCfg = Release|iPhoneSimulator
		{13DD24C7-14F8-40BB-95CD-1FEE1326B16D}.Release|iPhoneSimulator.Build.0 = Release|iPhoneSimulator
		{9C951AB8-F066-4D11-ADD0-D1B0FC2AF809}.Ad-Hoc|Any CPU.ActiveCfg = Release|Any CPU
		{9C951AB8-F066-4D11-ADD0-D1B0FC2AF809}.Ad-Hoc|Any CPU.Build.0 = Release|Any CPU
		{9C951AB8-F066-4D11-ADD0-D1B0FC2AF809}.Ad-Hoc|iPhone.ActiveCfg = Release|Any CPU
		{9C951AB8-F066-4D11-ADD0-D1B0FC2AF809}.Ad-Hoc|iPhone.Build.0 = Release|Any CPU
		{9C951AB8-F066-4D11-ADD0-D1B0FC2AF809}.Ad-Hoc|iPhoneSimulator.ActiveCfg = Release|Any CPU
		{9C951AB8-F066-4D11-ADD0-D1B0FC2AF809}.Ad-Hoc|iPhoneSimulator.Build.0 = Release|Any CPU
		{9C951AB8-F066-4D11-ADD0-D1B0FC2AF809}.AppStore|Any CPU.ActiveCfg = Release|Any CPU
		{9C951AB8-F066-4D11-ADD0-D1B0FC2AF809}.AppStore|Any CPU.Build.0 = Release|Any CPU
		{9C951AB8-F066-4D11-ADD0-D1B0FC2AF809}.AppStore|iPhone.ActiveCfg = Release|Any CPU
		{9C951AB8-F066-4D11-ADD0-D1B0FC2AF809}.AppStore|iPhone.Build.0 = Release|Any CPU
		{9C951AB8-F066-4D11-ADD0-D1B0FC2AF809}.AppStore|iPhoneSimulator.ActiveCfg = Release|Any CPU
		{9C951AB8-F066-4D11-ADD0-D1B0FC2AF809}.AppStore|iPhoneSimulator.Build.0 = Release|Any CPU
		{9C951AB8-F066-4D11-ADD0-D1B0FC2AF809}.Debug|Any CPU.ActiveCfg = Debug|Any CPU
		{9C951AB8-F066-4D11-ADD0-D1B0FC2AF809}.Debug|Any CPU.Build.0 = Debug|Any CPU
		{9C951AB8-F066-4D11-ADD0-D1B0FC2AF809}.Debug|iPhone.ActiveCfg = Debug|Any CPU
		{9C951AB8-F066-4D11-ADD0-D1B0FC2AF809}.Debug|iPhone.Build.0 = Debug|Any CPU
		{9C951AB8-F066-4D11-ADD0-D1B0FC2AF809}.Debug|iPhoneSimulator.ActiveCfg = Debug|Any CPU
		{9C951AB8-F066-4D11-ADD0-D1B0FC2AF809}.Debug|iPhoneSimulator.Build.0 = Debug|Any CPU
		{9C951AB8-F066-4D11-ADD0-D1B0FC2AF809}.Release|Any CPU.ActiveCfg = Release|Any CPU
		{9C951AB8-F066-4D11-ADD0-D1B0FC2AF809}.Release|Any CPU.Build.0 = Release|Any CPU
		{9C951AB8-F066-4D11-ADD0-D1B0FC2AF809}.Release|iPhone.ActiveCfg = Release|Any CPU
		{9C951AB8-F066-4D11-ADD0-D1B0FC2AF809}.Release|iPhone.Build.0 = Release|Any CPU
		{9C951AB8-F066-4D11-ADD0-D1B0FC2AF809}.Release|iPhoneSimulator.ActiveCfg = Release|Any CPU
		{9C951AB8-F066-4D11-ADD0-D1B0FC2AF809}.Release|iPhoneSimulator.Build.0 = Release|Any CPU
		{073B3F16-C162-43F6-A0A2-0D4008BF817D}.Ad-Hoc|Any CPU.ActiveCfg = Release|Any CPU
		{073B3F16-C162-43F6-A0A2-0D4008BF817D}.Ad-Hoc|Any CPU.Build.0 = Release|Any CPU
		{073B3F16-C162-43F6-A0A2-0D4008BF817D}.Ad-Hoc|iPhone.ActiveCfg = Release|Any CPU
		{073B3F16-C162-43F6-A0A2-0D4008BF817D}.Ad-Hoc|iPhone.Build.0 = Release|Any CPU
		{073B3F16-C162-43F6-A0A2-0D4008BF817D}.Ad-Hoc|iPhoneSimulator.ActiveCfg = Release|Any CPU
		{073B3F16-C162-43F6-A0A2-0D4008BF817D}.Ad-Hoc|iPhoneSimulator.Build.0 = Release|Any CPU
		{073B3F16-C162-43F6-A0A2-0D4008BF817D}.AppStore|Any CPU.ActiveCfg = Release|Any CPU
		{073B3F16-C162-43F6-A0A2-0D4008BF817D}.AppStore|Any CPU.Build.0 = Release|Any CPU
		{073B3F16-C162-43F6-A0A2-0D4008BF817D}.AppStore|iPhone.ActiveCfg = Release|Any CPU
		{073B3F16-C162-43F6-A0A2-0D4008BF817D}.AppStore|iPhone.Build.0 = Release|Any CPU
		{073B3F16-C162-43F6-A0A2-0D4008BF817D}.AppStore|iPhoneSimulator.ActiveCfg = Release|Any CPU
		{073B3F16-C162-43F6-A0A2-0D4008BF817D}.AppStore|iPhoneSimulator.Build.0 = Release|Any CPU
		{073B3F16-C162-43F6-A0A2-0D4008BF817D}.Debug|Any CPU.ActiveCfg = Debug|Any CPU
		{073B3F16-C162-43F6-A0A2-0D4008BF817D}.Debug|Any CPU.Build.0 = Debug|Any CPU
		{073B3F16-C162-43F6-A0A2-0D4008BF817D}.Debug|iPhone.ActiveCfg = Debug|Any CPU
		{073B3F16-C162-43F6-A0A2-0D4008BF817D}.Debug|iPhone.Build.0 = Debug|Any CPU
		{073B3F16-C162-43F6-A0A2-0D4008BF817D}.Debug|iPhoneSimulator.ActiveCfg = Debug|Any CPU
		{073B3F16-C162-43F6-A0A2-0D4008BF817D}.Debug|iPhoneSimulator.Build.0 = Debug|Any CPU
		{073B3F16-C162-43F6-A0A2-0D4008BF817D}.Release|Any CPU.ActiveCfg = Release|Any CPU
		{073B3F16-C162-43F6-A0A2-0D4008BF817D}.Release|Any CPU.Build.0 = Release|Any CPU
		{073B3F16-C162-43F6-A0A2-0D4008BF817D}.Release|iPhone.ActiveCfg = Release|Any CPU
		{073B3F16-C162-43F6-A0A2-0D4008BF817D}.Release|iPhone.Build.0 = Release|Any CPU
		{073B3F16-C162-43F6-A0A2-0D4008BF817D}.Release|iPhoneSimulator.ActiveCfg = Release|Any CPU
		{073B3F16-C162-43F6-A0A2-0D4008BF817D}.Release|iPhoneSimulator.Build.0 = Release|Any CPU
		{A9CF579A-C302-46EB-86AA-A346B1855C30}.Ad-Hoc|Any CPU.ActiveCfg = Release|Any CPU
		{A9CF579A-C302-46EB-86AA-A346B1855C30}.Ad-Hoc|Any CPU.Build.0 = Release|Any CPU
		{A9CF579A-C302-46EB-86AA-A346B1855C30}.Ad-Hoc|iPhone.ActiveCfg = Release|Any CPU
		{A9CF579A-C302-46EB-86AA-A346B1855C30}.Ad-Hoc|iPhone.Build.0 = Release|Any CPU
		{A9CF579A-C302-46EB-86AA-A346B1855C30}.Ad-Hoc|iPhoneSimulator.ActiveCfg = Release|Any CPU
		{A9CF579A-C302-46EB-86AA-A346B1855C30}.Ad-Hoc|iPhoneSimulator.Build.0 = Release|Any CPU
		{A9CF579A-C302-46EB-86AA-A346B1855C30}.AppStore|Any CPU.ActiveCfg = Release|Any CPU
		{A9CF579A-C302-46EB-86AA-A346B1855C30}.AppStore|Any CPU.Build.0 = Release|Any CPU
		{A9CF579A-C302-46EB-86AA-A346B1855C30}.AppStore|iPhone.ActiveCfg = Release|Any CPU
		{A9CF579A-C302-46EB-86AA-A346B1855C30}.AppStore|iPhone.Build.0 = Release|Any CPU
		{A9CF579A-C302-46EB-86AA-A346B1855C30}.AppStore|iPhoneSimulator.ActiveCfg = Release|Any CPU
		{A9CF579A-C302-46EB-86AA-A346B1855C30}.AppStore|iPhoneSimulator.Build.0 = Release|Any CPU
		{A9CF579A-C302-46EB-86AA-A346B1855C30}.Debug|Any CPU.ActiveCfg = Debug|Any CPU
		{A9CF579A-C302-46EB-86AA-A346B1855C30}.Debug|Any CPU.Build.0 = Debug|Any CPU
		{A9CF579A-C302-46EB-86AA-A346B1855C30}.Debug|iPhone.ActiveCfg = Debug|Any CPU
		{A9CF579A-C302-46EB-86AA-A346B1855C30}.Debug|iPhone.Build.0 = Debug|Any CPU
		{A9CF579A-C302-46EB-86AA-A346B1855C30}.Debug|iPhoneSimulator.ActiveCfg = Debug|Any CPU
		{A9CF579A-C302-46EB-86AA-A346B1855C30}.Debug|iPhoneSimulator.Build.0 = Debug|Any CPU
		{A9CF579A-C302-46EB-86AA-A346B1855C30}.Release|Any CPU.ActiveCfg = Release|Any CPU
		{A9CF579A-C302-46EB-86AA-A346B1855C30}.Release|Any CPU.Build.0 = Release|Any CPU
		{A9CF579A-C302-46EB-86AA-A346B1855C30}.Release|iPhone.ActiveCfg = Release|Any CPU
		{A9CF579A-C302-46EB-86AA-A346B1855C30}.Release|iPhone.Build.0 = Release|Any CPU
		{A9CF579A-C302-46EB-86AA-A346B1855C30}.Release|iPhoneSimulator.ActiveCfg = Release|Any CPU
		{A9CF579A-C302-46EB-86AA-A346B1855C30}.Release|iPhoneSimulator.Build.0 = Release|Any CPU
		{8555E87F-28EC-474D-8CCD-7DB873E9F9FB}.Ad-Hoc|Any CPU.ActiveCfg = AppStore|Any CPU
		{8555E87F-28EC-474D-8CCD-7DB873E9F9FB}.Ad-Hoc|Any CPU.Build.0 = AppStore|Any CPU
		{8555E87F-28EC-474D-8CCD-7DB873E9F9FB}.Ad-Hoc|iPhone.ActiveCfg = AppStore|Any CPU
		{8555E87F-28EC-474D-8CCD-7DB873E9F9FB}.Ad-Hoc|iPhone.Build.0 = AppStore|Any CPU
		{8555E87F-28EC-474D-8CCD-7DB873E9F9FB}.Ad-Hoc|iPhoneSimulator.ActiveCfg = AppStore|Any CPU
		{8555E87F-28EC-474D-8CCD-7DB873E9F9FB}.Ad-Hoc|iPhoneSimulator.Build.0 = AppStore|Any CPU
		{8555E87F-28EC-474D-8CCD-7DB873E9F9FB}.AppStore|Any CPU.ActiveCfg = AppStore|Any CPU
		{8555E87F-28EC-474D-8CCD-7DB873E9F9FB}.AppStore|Any CPU.Build.0 = AppStore|Any CPU
		{8555E87F-28EC-474D-8CCD-7DB873E9F9FB}.AppStore|iPhone.ActiveCfg = AppStore|Any CPU
		{8555E87F-28EC-474D-8CCD-7DB873E9F9FB}.AppStore|iPhone.Build.0 = AppStore|Any CPU
		{8555E87F-28EC-474D-8CCD-7DB873E9F9FB}.AppStore|iPhoneSimulator.ActiveCfg = AppStore|Any CPU
		{8555E87F-28EC-474D-8CCD-7DB873E9F9FB}.AppStore|iPhoneSimulator.Build.0 = AppStore|Any CPU
		{8555E87F-28EC-474D-8CCD-7DB873E9F9FB}.Debug|Any CPU.ActiveCfg = Debug|Any CPU
		{8555E87F-28EC-474D-8CCD-7DB873E9F9FB}.Debug|Any CPU.Build.0 = Debug|Any CPU
		{8555E87F-28EC-474D-8CCD-7DB873E9F9FB}.Debug|iPhone.ActiveCfg = Debug|Any CPU
		{8555E87F-28EC-474D-8CCD-7DB873E9F9FB}.Debug|iPhone.Build.0 = Debug|Any CPU
		{8555E87F-28EC-474D-8CCD-7DB873E9F9FB}.Debug|iPhoneSimulator.ActiveCfg = Debug|Any CPU
		{8555E87F-28EC-474D-8CCD-7DB873E9F9FB}.Debug|iPhoneSimulator.Build.0 = Debug|Any CPU
		{8555E87F-28EC-474D-8CCD-7DB873E9F9FB}.Release|Any CPU.ActiveCfg = Release|Any CPU
		{8555E87F-28EC-474D-8CCD-7DB873E9F9FB}.Release|Any CPU.Build.0 = Release|Any CPU
		{8555E87F-28EC-474D-8CCD-7DB873E9F9FB}.Release|iPhone.ActiveCfg = Release|Any CPU
		{8555E87F-28EC-474D-8CCD-7DB873E9F9FB}.Release|iPhone.Build.0 = Release|Any CPU
		{8555E87F-28EC-474D-8CCD-7DB873E9F9FB}.Release|iPhoneSimulator.ActiveCfg = Release|Any CPU
		{8555E87F-28EC-474D-8CCD-7DB873E9F9FB}.Release|iPhoneSimulator.Build.0 = Release|Any CPU
	EndGlobalSection
	GlobalSection(SolutionProperties) = preSolution
		HideSolutionNode = FALSE
	EndGlobalSection
	GlobalSection(NestedProjects) = preSolution
		{0CCFEEE5-54E1-45F6-B699-D64CE5A36F00} = {1851AEAA-89C9-4C80-A166-9CFC83C8EE6A}
		{E2FEFCB7-D29F-47AD-BFE4-9DC02FEABF5D} = {1851AEAA-89C9-4C80-A166-9CFC83C8EE6A}
		{60B553F3-7902-417A-8F05-639BE5201552} = {38F7A332-3289-4470-BDCE-389E80B4081B}
		{13DD24C7-14F8-40BB-95CD-1FEE1326B16D} = {38F7A332-3289-4470-BDCE-389E80B4081B}
		{9C951AB8-F066-4D11-ADD0-D1B0FC2AF809} = {38F7A332-3289-4470-BDCE-389E80B4081B}
		{0AC14566-50BE-4922-9465-95CDF2EB61B2} = {9F7B482A-FDBE-48CD-901F-360EB25D18F2}
		{EAE15DDF-A688-487B-9615-39837DAAAA07} = {9F7B482A-FDBE-48CD-901F-360EB25D18F2}
		{47EF51DA-84C3-4B72-B9CE-9E6E88FE3BE9} = {9F7B482A-FDBE-48CD-901F-360EB25D18F2}
		{073B3F16-C162-43F6-A0A2-0D4008BF817D} = {1851AEAA-89C9-4C80-A166-9CFC83C8EE6A}
		{A9CF579A-C302-46EB-86AA-A346B1855C30} = {0AC14566-50BE-4922-9465-95CDF2EB61B2}
		{38F7A332-3289-4470-BDCE-389E80B4081B} = {E93AB32B-F9DC-4F2C-9B06-9EEA87347BB4}
		{CF79B7F8-60AA-4751-AF96-8C058289E037} = {E93AB32B-F9DC-4F2C-9B06-9EEA87347BB4}
		{8555E87F-28EC-474D-8CCD-7DB873E9F9FB} = {EAE15DDF-A688-487B-9615-39837DAAAA07}
	EndGlobalSection
EndGlobal
