
Microsoft Visual Studio Solution File, Format Version 12.00
# Visual Studio 14
VisualStudioVersion = 14.0.25420.1
MinimumVisualStudioVersion = 10.0.40219.1
Project("{FAE04EC0-301F-11D3-BF4B-00C04F79EFBC}") = "OpenNETCF.IoC", "OpenNETCF.IoC\OpenNETCF.IoC.csproj", "{AAD0D35C-626C-4777-95D6-DBACEBD3B5C9}"
EndProject
Project("{FAE04EC0-301F-11D3-BF4B-00C04F79EFBC}") = "OpenNETCF.IoC.UI", "OpenNETCF.IoC.UI\OpenNETCF.IoC.UI.csproj", "{BCD73E42-C3CA-4E31-BE73-F583A09A80F6}"
EndProject
Project("{2150E333-8FDC-42A3-9474-1A3956D46DE8}") = "FFx", "FFx", "{C6000175-716C-4CDF-BB7F-D0400CAB7378}"
EndProject
Project("{2150E333-8FDC-42A3-9474-1A3956D46DE8}") = "Invokers", "Invokers", "{AB88F9E2-38C7-47C7-B6ED-671FFE9A4F5A}"
EndProject
Project("{2150E333-8FDC-42A3-9474-1A3956D46DE8}") = "Test", "Test", "{5BE050F3-5ED9-440C-9A3D-25F11617CCFA}"
EndProject
Project("{FAE04EC0-301F-11D3-BF4B-00C04F79EFBC}") = "IoC.Unit.Test", "Test\IoC.Unit.Test\IoC.Unit.Test.csproj", "{8578B8EB-931C-4774-A113-137C1AFD6D69}"
EndProject
Global
	GlobalSection(SolutionConfigurationPlatforms) = preSolution
		Debug|Any CPU = Debug|Any CPU
		Release|Any CPU = Release|Any CPU
	EndGlobalSection
	GlobalSection(ProjectConfigurationPlatforms) = postSolution
		{AAD0D35C-626C-4777-95D6-DBACEBD3B5C9}.Debug|Any CPU.ActiveCfg = Debug|Any CPU
		{AAD0D35C-626C-4777-95D6-DBACEBD3B5C9}.Debug|Any CPU.Build.0 = Debug|Any CPU
		{AAD0D35C-626C-4777-95D6-DBACEBD3B5C9}.Release|Any CPU.ActiveCfg = Release|Any CPU
		{AAD0D35C-626C-4777-95D6-DBACEBD3B5C9}.Release|Any CPU.Build.0 = Release|Any CPU
		{BCD73E42-C3CA-4E31-BE73-F583A09A80F6}.Debug|Any CPU.ActiveCfg = Debug|Any CPU
		{BCD73E42-C3CA-4E31-BE73-F583A09A80F6}.Debug|Any CPU.Build.0 = Debug|Any CPU
		{BCD73E42-C3CA-4E31-BE73-F583A09A80F6}.Release|Any CPU.ActiveCfg = Release|Any CPU
		{BCD73E42-C3CA-4E31-BE73-F583A09A80F6}.Release|Any CPU.Build.0 = Release|Any CPU
		{8578B8EB-931C-4774-A113-137C1AFD6D69}.Debug|Any CPU.ActiveCfg = Debug|Any CPU
		{8578B8EB-931C-4774-A113-137C1AFD6D69}.Debug|Any CPU.Build.0 = Debug|Any CPU
		{8578B8EB-931C-4774-A113-137C1AFD6D69}.Release|Any CPU.ActiveCfg = Release|Any CPU
		{8578B8EB-931C-4774-A113-137C1AFD6D69}.Release|Any CPU.Build.0 = Release|Any CPU
	EndGlobalSection
	GlobalSection(SolutionProperties) = preSolution
		HideSolutionNode = FALSE
	EndGlobalSection
	GlobalSection(NestedProjects) = preSolution
		{AAD0D35C-626C-4777-95D6-DBACEBD3B5C9} = {C6000175-716C-4CDF-BB7F-D0400CAB7378}
		{BCD73E42-C3CA-4E31-BE73-F583A09A80F6} = {C6000175-716C-4CDF-BB7F-D0400CAB7378}
		{8578B8EB-931C-4774-A113-137C1AFD6D69} = {5BE050F3-5ED9-440C-9A3D-25F11617CCFA}
	EndGlobalSection
EndGlobal
