
Microsoft Visual Studio Solution File, Format Version 12.00
# Visual Studio 14
VisualStudioVersion = 14.0.25123.0
MinimumVisualStudioVersion = 10.0.40219.1
Project("{FAE04EC0-301F-11D3-BF4B-00C04F79EFBC}") = "NavigationSample.Droid", "NavigationSample\NavigationSample.Droid\NavigationSample.Droid.csproj", "{00C0B8FD-0775-4C28-B1F4-A36B22746D56}"
EndProject
Project("{FAE04EC0-301F-11D3-BF4B-00C04F79EFBC}") = "NavigationSample.iOS", "NavigationSample\NavigationSample.iOS\NavigationSample.iOS.csproj", "{10A8AC7D-FEC6-4354-BCC2-48EF09435113}"
EndProject
Project("{FAE04EC0-301F-11D3-BF4B-00C04F79EFBC}") = "NavigationSample.WinPhone", "NavigationSample\NavigationSample.WinPhone\NavigationSample.WinPhone.csproj", "{3C39F301-2DC8-4BED-8EDB-80887AA3C19E}"
EndProject
Project("{FAE04EC0-301F-11D3-BF4B-00C04F79EFBC}") = "NavigationSample", "NavigationSample\NavigationSample\NavigationSample.csproj", "{80B9438E-47FE-434A-8F4C-BBD462522A12}"
EndProject
Global
	GlobalSection(SolutionConfigurationPlatforms) = preSolution
		Ad-Hoc|Any CPU = Ad-Hoc|Any CPU
		Ad-Hoc|ARM = Ad-Hoc|ARM
		Ad-Hoc|iPhone = Ad-Hoc|iPhone
		Ad-Hoc|iPhoneSimulator = Ad-Hoc|iPhoneSimulator
		Ad-Hoc|x64 = Ad-Hoc|x64
		Ad-Hoc|x86 = Ad-Hoc|x86
		AppStore|Any CPU = AppStore|Any CPU
		AppStore|ARM = AppStore|ARM
		AppStore|iPhone = AppStore|iPhone
		AppStore|iPhoneSimulator = AppStore|iPhoneSimulator
		AppStore|x64 = AppStore|x64
		AppStore|x86 = AppStore|x86
		Debug|Any CPU = Debug|Any CPU
		Debug|ARM = Debug|ARM
		Debug|iPhone = Debug|iPhone
		Debug|iPhoneSimulator = Debug|iPhoneSimulator
		Debug|x64 = Debug|x64
		Debug|x86 = Debug|x86
		Release|Any CPU = Release|Any CPU
		Release|ARM = Release|ARM
		Release|iPhone = Release|iPhone
		Release|iPhoneSimulator = Release|iPhoneSimulator
		Release|x64 = Release|x64
		Release|x86 = Release|x86
	EndGlobalSection
	GlobalSection(ProjectConfigurationPlatforms) = postSolution
		{00C0B8FD-0775-4C28-B1F4-A36B22746D56}.Ad-Hoc|Any CPU.ActiveCfg = Release|Any CPU
		{00C0B8FD-0775-4C28-B1F4-A36B22746D56}.Ad-Hoc|Any CPU.Build.0 = Release|Any CPU
		{00C0B8FD-0775-4C28-B1F4-A36B22746D56}.Ad-Hoc|Any CPU.Deploy.0 = Release|Any CPU
		{00C0B8FD-0775-4C28-B1F4-A36B22746D56}.Ad-Hoc|ARM.ActiveCfg = Release|Any CPU
		{00C0B8FD-0775-4C28-B1F4-A36B22746D56}.Ad-Hoc|ARM.Build.0 = Release|Any CPU
		{00C0B8FD-0775-4C28-B1F4-A36B22746D56}.Ad-Hoc|ARM.Deploy.0 = Release|Any CPU
		{00C0B8FD-0775-4C28-B1F4-A36B22746D56}.Ad-Hoc|iPhone.ActiveCfg = Release|Any CPU
		{00C0B8FD-0775-4C28-B1F4-A36B22746D56}.Ad-Hoc|iPhone.Build.0 = Release|Any CPU
		{00C0B8FD-0775-4C28-B1F4-A36B22746D56}.Ad-Hoc|iPhone.Deploy.0 = Release|Any CPU
		{00C0B8FD-0775-4C28-B1F4-A36B22746D56}.Ad-Hoc|iPhoneSimulator.ActiveCfg = Release|Any CPU
		{00C0B8FD-0775-4C28-B1F4-A36B22746D56}.Ad-Hoc|iPhoneSimulator.Build.0 = Release|Any CPU
		{00C0B8FD-0775-4C28-B1F4-A36B22746D56}.Ad-Hoc|iPhoneSimulator.Deploy.0 = Release|Any CPU
		{00C0B8FD-0775-4C28-B1F4-A36B22746D56}.Ad-Hoc|x64.ActiveCfg = Release|Any CPU
		{00C0B8FD-0775-4C28-B1F4-A36B22746D56}.Ad-Hoc|x64.Build.0 = Release|Any CPU
		{00C0B8FD-0775-4C28-B1F4-A36B22746D56}.Ad-Hoc|x64.Deploy.0 = Release|Any CPU
		{00C0B8FD-0775-4C28-B1F4-A36B22746D56}.Ad-Hoc|x86.ActiveCfg = Release|Any CPU
		{00C0B8FD-0775-4C28-B1F4-A36B22746D56}.Ad-Hoc|x86.Build.0 = Release|Any CPU
		{00C0B8FD-0775-4C28-B1F4-A36B22746D56}.Ad-Hoc|x86.Deploy.0 = Release|Any CPU
		{00C0B8FD-0775-4C28-B1F4-A36B22746D56}.AppStore|Any CPU.ActiveCfg = Release|Any CPU
		{00C0B8FD-0775-4C28-B1F4-A36B22746D56}.AppStore|Any CPU.Build.0 = Release|Any CPU
		{00C0B8FD-0775-4C28-B1F4-A36B22746D56}.AppStore|Any CPU.Deploy.0 = Release|Any CPU
		{00C0B8FD-0775-4C28-B1F4-A36B22746D56}.AppStore|ARM.ActiveCfg = Release|Any CPU
		{00C0B8FD-0775-4C28-B1F4-A36B22746D56}.AppStore|ARM.Build.0 = Release|Any CPU
		{00C0B8FD-0775-4C28-B1F4-A36B22746D56}.AppStore|ARM.Deploy.0 = Release|Any CPU
		{00C0B8FD-0775-4C28-B1F4-A36B22746D56}.AppStore|iPhone.ActiveCfg = Release|Any CPU
		{00C0B8FD-0775-4C28-B1F4-A36B22746D56}.AppStore|iPhone.Build.0 = Release|Any CPU
		{00C0B8FD-0775-4C28-B1F4-A36B22746D56}.AppStore|iPhone.Deploy.0 = Release|Any CPU
		{00C0B8FD-0775-4C28-B1F4-A36B22746D56}.AppStore|iPhoneSimulator.ActiveCfg = Release|Any CPU
		{00C0B8FD-0775-4C28-B1F4-A36B22746D56}.AppStore|iPhoneSimulator.Build.0 = Release|Any CPU
		{00C0B8FD-0775-4C28-B1F4-A36B22746D56}.AppStore|iPhoneSimulator.Deploy.0 = Release|Any CPU
		{00C0B8FD-0775-4C28-B1F4-A36B22746D56}.AppStore|x64.ActiveCfg = Release|Any CPU
		{00C0B8FD-0775-4C28-B1F4-A36B22746D56}.AppStore|x64.Build.0 = Release|Any CPU
		{00C0B8FD-0775-4C28-B1F4-A36B22746D56}.AppStore|x64.Deploy.0 = Release|Any CPU
		{00C0B8FD-0775-4C28-B1F4-A36B22746D56}.AppStore|x86.ActiveCfg = Release|Any CPU
		{00C0B8FD-0775-4C28-B1F4-A36B22746D56}.AppStore|x86.Build.0 = Release|Any CPU
		{00C0B8FD-0775-4C28-B1F4-A36B22746D56}.AppStore|x86.Deploy.0 = Release|Any CPU
		{00C0B8FD-0775-4C28-B1F4-A36B22746D56}.Debug|Any CPU.ActiveCfg = Debug|Any CPU
		{00C0B8FD-0775-4C28-B1F4-A36B22746D56}.Debug|Any CPU.Build.0 = Debug|Any CPU
		{00C0B8FD-0775-4C28-B1F4-A36B22746D56}.Debug|Any CPU.Deploy.0 = Debug|Any CPU
		{00C0B8FD-0775-4C28-B1F4-A36B22746D56}.Debug|ARM.ActiveCfg = Debug|Any CPU
		{00C0B8FD-0775-4C28-B1F4-A36B22746D56}.Debug|ARM.Build.0 = Debug|Any CPU
		{00C0B8FD-0775-4C28-B1F4-A36B22746D56}.Debug|ARM.Deploy.0 = Debug|Any CPU
		{00C0B8FD-0775-4C28-B1F4-A36B22746D56}.Debug|iPhone.ActiveCfg = Debug|Any CPU
		{00C0B8FD-0775-4C28-B1F4-A36B22746D56}.Debug|iPhone.Build.0 = Debug|Any CPU
		{00C0B8FD-0775-4C28-B1F4-A36B22746D56}.Debug|iPhone.Deploy.0 = Debug|Any CPU
		{00C0B8FD-0775-4C28-B1F4-A36B22746D56}.Debug|iPhoneSimulator.ActiveCfg = Debug|Any CPU
		{00C0B8FD-0775-4C28-B1F4-A36B22746D56}.Debug|iPhoneSimulator.Build.0 = Debug|Any CPU
		{00C0B8FD-0775-4C28-B1F4-A36B22746D56}.Debug|iPhoneSimulator.Deploy.0 = Debug|Any CPU
		{00C0B8FD-0775-4C28-B1F4-A36B22746D56}.Debug|x64.ActiveCfg = Debug|Any CPU
		{00C0B8FD-0775-4C28-B1F4-A36B22746D56}.Debug|x64.Build.0 = Debug|Any CPU
		{00C0B8FD-0775-4C28-B1F4-A36B22746D56}.Debug|x64.Deploy.0 = Debug|Any CPU
		{00C0B8FD-0775-4C28-B1F4-A36B22746D56}.Debug|x86.ActiveCfg = Debug|Any CPU
		{00C0B8FD-0775-4C28-B1F4-A36B22746D56}.Debug|x86.Build.0 = Debug|Any CPU
		{00C0B8FD-0775-4C28-B1F4-A36B22746D56}.Debug|x86.Deploy.0 = Debug|Any CPU
		{00C0B8FD-0775-4C28-B1F4-A36B22746D56}.Release|Any CPU.ActiveCfg = Release|Any CPU
		{00C0B8FD-0775-4C28-B1F4-A36B22746D56}.Release|Any CPU.Build.0 = Release|Any CPU
		{00C0B8FD-0775-4C28-B1F4-A36B22746D56}.Release|Any CPU.Deploy.0 = Release|Any CPU
		{00C0B8FD-0775-4C28-B1F4-A36B22746D56}.Release|ARM.ActiveCfg = Release|Any CPU
		{00C0B8FD-0775-4C28-B1F4-A36B22746D56}.Release|ARM.Build.0 = Release|Any CPU
		{00C0B8FD-0775-4C28-B1F4-A36B22746D56}.Release|ARM.Deploy.0 = Release|Any CPU
		{00C0B8FD-0775-4C28-B1F4-A36B22746D56}.Release|iPhone.ActiveCfg = Release|Any CPU
		{00C0B8FD-0775-4C28-B1F4-A36B22746D56}.Release|iPhone.Build.0 = Release|Any CPU
		{00C0B8FD-0775-4C28-B1F4-A36B22746D56}.Release|iPhone.Deploy.0 = Release|Any CPU
		{00C0B8FD-0775-4C28-B1F4-A36B22746D56}.Release|iPhoneSimulator.ActiveCfg = Release|Any CPU
		{00C0B8FD-0775-4C28-B1F4-A36B22746D56}.Release|iPhoneSimulator.Build.0 = Release|Any CPU
		{00C0B8FD-0775-4C28-B1F4-A36B22746D56}.Release|iPhoneSimulator.Deploy.0 = Release|Any CPU
		{00C0B8FD-0775-4C28-B1F4-A36B22746D56}.Release|x64.ActiveCfg = Release|Any CPU
		{00C0B8FD-0775-4C28-B1F4-A36B22746D56}.Release|x64.Build.0 = Release|Any CPU
		{00C0B8FD-0775-4C28-B1F4-A36B22746D56}.Release|x64.Deploy.0 = Release|Any CPU
		{00C0B8FD-0775-4C28-B1F4-A36B22746D56}.Release|x86.ActiveCfg = Release|Any CPU
		{00C0B8FD-0775-4C28-B1F4-A36B22746D56}.Release|x86.Build.0 = Release|Any CPU
		{00C0B8FD-0775-4C28-B1F4-A36B22746D56}.Release|x86.Deploy.0 = Release|Any CPU
		{10A8AC7D-FEC6-4354-BCC2-48EF09435113}.Ad-Hoc|Any CPU.ActiveCfg = Ad-Hoc|iPhone
		{10A8AC7D-FEC6-4354-BCC2-48EF09435113}.Ad-Hoc|ARM.ActiveCfg = Ad-Hoc|iPhone
		{10A8AC7D-FEC6-4354-BCC2-48EF09435113}.Ad-Hoc|iPhone.ActiveCfg = Ad-Hoc|iPhone
		{10A8AC7D-FEC6-4354-BCC2-48EF09435113}.Ad-Hoc|iPhone.Build.0 = Ad-Hoc|iPhone
		{10A8AC7D-FEC6-4354-BCC2-48EF09435113}.Ad-Hoc|iPhoneSimulator.ActiveCfg = Ad-Hoc|iPhoneSimulator
		{10A8AC7D-FEC6-4354-BCC2-48EF09435113}.Ad-Hoc|iPhoneSimulator.Build.0 = Ad-Hoc|iPhoneSimulator
		{10A8AC7D-FEC6-4354-BCC2-48EF09435113}.Ad-Hoc|x64.ActiveCfg = Ad-Hoc|iPhone
		{10A8AC7D-FEC6-4354-BCC2-48EF09435113}.Ad-Hoc|x86.ActiveCfg = Ad-Hoc|iPhone
		{10A8AC7D-FEC6-4354-BCC2-48EF09435113}.AppStore|Any CPU.ActiveCfg = AppStore|iPhone
		{10A8AC7D-FEC6-4354-BCC2-48EF09435113}.AppStore|ARM.ActiveCfg = AppStore|iPhone
		{10A8AC7D-FEC6-4354-BCC2-48EF09435113}.AppStore|iPhone.ActiveCfg = AppStore|iPhone
		{10A8AC7D-FEC6-4354-BCC2-48EF09435113}.AppStore|iPhone.Build.0 = AppStore|iPhone
		{10A8AC7D-FEC6-4354-BCC2-48EF09435113}.AppStore|iPhoneSimulator.ActiveCfg = AppStore|iPhoneSimulator
		{10A8AC7D-FEC6-4354-BCC2-48EF09435113}.AppStore|iPhoneSimulator.Build.0 = AppStore|iPhoneSimulator
		{10A8AC7D-FEC6-4354-BCC2-48EF09435113}.AppStore|x64.ActiveCfg = AppStore|iPhone
		{10A8AC7D-FEC6-4354-BCC2-48EF09435113}.AppStore|x86.ActiveCfg = AppStore|iPhone
		{10A8AC7D-FEC6-4354-BCC2-48EF09435113}.Debug|Any CPU.ActiveCfg = Debug|iPhone
		{10A8AC7D-FEC6-4354-BCC2-48EF09435113}.Debug|ARM.ActiveCfg = Debug|iPhone
		{10A8AC7D-FEC6-4354-BCC2-48EF09435113}.Debug|iPhone.ActiveCfg = Debug|iPhone
		{10A8AC7D-FEC6-4354-BCC2-48EF09435113}.Debug|iPhone.Build.0 = Debug|iPhone
		{10A8AC7D-FEC6-4354-BCC2-48EF09435113}.Debug|iPhoneSimulator.ActiveCfg = Debug|iPhoneSimulator
		{10A8AC7D-FEC6-4354-BCC2-48EF09435113}.Debug|iPhoneSimulator.Build.0 = Debug|iPhoneSimulator
		{10A8AC7D-FEC6-4354-BCC2-48EF09435113}.Debug|x64.ActiveCfg = Debug|iPhone
		{10A8AC7D-FEC6-4354-BCC2-48EF09435113}.Debug|x86.ActiveCfg = Debug|iPhone
		{10A8AC7D-FEC6-4354-BCC2-48EF09435113}.Release|Any CPU.ActiveCfg = Release|iPhone
		{10A8AC7D-FEC6-4354-BCC2-48EF09435113}.Release|ARM.ActiveCfg = Release|iPhone
		{10A8AC7D-FEC6-4354-BCC2-48EF09435113}.Release|iPhone.ActiveCfg = Release|iPhone
		{10A8AC7D-FEC6-4354-BCC2-48EF09435113}.Release|iPhone.Build.0 = Release|iPhone
		{10A8AC7D-FEC6-4354-BCC2-48EF09435113}.Release|iPhoneSimulator.ActiveCfg = Release|iPhoneSimulator
		{10A8AC7D-FEC6-4354-BCC2-48EF09435113}.Release|iPhoneSimulator.Build.0 = Release|iPhoneSimulator
		{10A8AC7D-FEC6-4354-BCC2-48EF09435113}.Release|x64.ActiveCfg = Release|iPhone
		{10A8AC7D-FEC6-4354-BCC2-48EF09435113}.Release|x86.ActiveCfg = Release|iPhone
		{3C39F301-2DC8-4BED-8EDB-80887AA3C19E}.Ad-Hoc|Any CPU.ActiveCfg = Release|Any CPU
		{3C39F301-2DC8-4BED-8EDB-80887AA3C19E}.Ad-Hoc|Any CPU.Build.0 = Release|Any CPU
		{3C39F301-2DC8-4BED-8EDB-80887AA3C19E}.Ad-Hoc|Any CPU.Deploy.0 = Release|Any CPU
		{3C39F301-2DC8-4BED-8EDB-80887AA3C19E}.Ad-Hoc|ARM.ActiveCfg = Release|ARM
		{3C39F301-2DC8-4BED-8EDB-80887AA3C19E}.Ad-Hoc|ARM.Build.0 = Release|ARM
		{3C39F301-2DC8-4BED-8EDB-80887AA3C19E}.Ad-Hoc|ARM.Deploy.0 = Release|ARM
		{3C39F301-2DC8-4BED-8EDB-80887AA3C19E}.Ad-Hoc|iPhone.ActiveCfg = Release|Any CPU
		{3C39F301-2DC8-4BED-8EDB-80887AA3C19E}.Ad-Hoc|iPhone.Build.0 = Release|Any CPU
		{3C39F301-2DC8-4BED-8EDB-80887AA3C19E}.Ad-Hoc|iPhone.Deploy.0 = Release|Any CPU
		{3C39F301-2DC8-4BED-8EDB-80887AA3C19E}.Ad-Hoc|iPhoneSimulator.ActiveCfg = Release|Any CPU
		{3C39F301-2DC8-4BED-8EDB-80887AA3C19E}.Ad-Hoc|iPhoneSimulator.Build.0 = Release|Any CPU
		{3C39F301-2DC8-4BED-8EDB-80887AA3C19E}.Ad-Hoc|iPhoneSimulator.Deploy.0 = Release|Any CPU
		{3C39F301-2DC8-4BED-8EDB-80887AA3C19E}.Ad-Hoc|x64.ActiveCfg = Release|Any CPU
		{3C39F301-2DC8-4BED-8EDB-80887AA3C19E}.Ad-Hoc|x64.Build.0 = Release|Any CPU
		{3C39F301-2DC8-4BED-8EDB-80887AA3C19E}.Ad-Hoc|x64.Deploy.0 = Release|Any CPU
		{3C39F301-2DC8-4BED-8EDB-80887AA3C19E}.Ad-Hoc|x86.ActiveCfg = Release|x86
		{3C39F301-2DC8-4BED-8EDB-80887AA3C19E}.Ad-Hoc|x86.Build.0 = Release|x86
		{3C39F301-2DC8-4BED-8EDB-80887AA3C19E}.Ad-Hoc|x86.Deploy.0 = Release|x86
		{3C39F301-2DC8-4BED-8EDB-80887AA3C19E}.AppStore|Any CPU.ActiveCfg = Release|Any CPU
		{3C39F301-2DC8-4BED-8EDB-80887AA3C19E}.AppStore|Any CPU.Build.0 = Release|Any CPU
		{3C39F301-2DC8-4BED-8EDB-80887AA3C19E}.AppStore|Any CPU.Deploy.0 = Release|Any CPU
		{3C39F301-2DC8-4BED-8EDB-80887AA3C19E}.AppStore|ARM.ActiveCfg = Release|ARM
		{3C39F301-2DC8-4BED-8EDB-80887AA3C19E}.AppStore|ARM.Build.0 = Release|ARM
		{3C39F301-2DC8-4BED-8EDB-80887AA3C19E}.AppStore|ARM.Deploy.0 = Release|ARM
		{3C39F301-2DC8-4BED-8EDB-80887AA3C19E}.AppStore|iPhone.ActiveCfg = Release|Any CPU
		{3C39F301-2DC8-4BED-8EDB-80887AA3C19E}.AppStore|iPhone.Build.0 = Release|Any CPU
		{3C39F301-2DC8-4BED-8EDB-80887AA3C19E}.AppStore|iPhone.Deploy.0 = Release|Any CPU
		{3C39F301-2DC8-4BED-8EDB-80887AA3C19E}.AppStore|iPhoneSimulator.ActiveCfg = Release|Any CPU
		{3C39F301-2DC8-4BED-8EDB-80887AA3C19E}.AppStore|iPhoneSimulator.Build.0 = Release|Any CPU
		{3C39F301-2DC8-4BED-8EDB-80887AA3C19E}.AppStore|iPhoneSimulator.Deploy.0 = Release|Any CPU
		{3C39F301-2DC8-4BED-8EDB-80887AA3C19E}.AppStore|x64.ActiveCfg = Release|Any CPU
		{3C39F301-2DC8-4BED-8EDB-80887AA3C19E}.AppStore|x64.Build.0 = Release|Any CPU
		{3C39F301-2DC8-4BED-8EDB-80887AA3C19E}.AppStore|x64.Deploy.0 = Release|Any CPU
		{3C39F301-2DC8-4BED-8EDB-80887AA3C19E}.AppStore|x86.ActiveCfg = Release|x86
		{3C39F301-2DC8-4BED-8EDB-80887AA3C19E}.AppStore|x86.Build.0 = Release|x86
		{3C39F301-2DC8-4BED-8EDB-80887AA3C19E}.AppStore|x86.Deploy.0 = Release|x86
		{3C39F301-2DC8-4BED-8EDB-80887AA3C19E}.Debug|Any CPU.ActiveCfg = Debug|Any CPU
		{3C39F301-2DC8-4BED-8EDB-80887AA3C19E}.Debug|Any CPU.Build.0 = Debug|Any CPU
		{3C39F301-2DC8-4BED-8EDB-80887AA3C19E}.Debug|Any CPU.Deploy.0 = Debug|Any CPU
		{3C39F301-2DC8-4BED-8EDB-80887AA3C19E}.Debug|ARM.ActiveCfg = Debug|ARM
		{3C39F301-2DC8-4BED-8EDB-80887AA3C19E}.Debug|ARM.Build.0 = Debug|ARM
		{3C39F301-2DC8-4BED-8EDB-80887AA3C19E}.Debug|ARM.Deploy.0 = Debug|ARM
		{3C39F301-2DC8-4BED-8EDB-80887AA3C19E}.Debug|iPhone.ActiveCfg = Debug|Any CPU
		{3C39F301-2DC8-4BED-8EDB-80887AA3C19E}.Debug|iPhone.Build.0 = Debug|Any CPU
		{3C39F301-2DC8-4BED-8EDB-80887AA3C19E}.Debug|iPhone.Deploy.0 = Debug|Any CPU
		{3C39F301-2DC8-4BED-8EDB-80887AA3C19E}.Debug|iPhoneSimulator.ActiveCfg = Debug|Any CPU
		{3C39F301-2DC8-4BED-8EDB-80887AA3C19E}.Debug|iPhoneSimulator.Build.0 = Debug|Any CPU
		{3C39F301-2DC8-4BED-8EDB-80887AA3C19E}.Debug|iPhoneSimulator.Deploy.0 = Debug|Any CPU
		{3C39F301-2DC8-4BED-8EDB-80887AA3C19E}.Debug|x64.ActiveCfg = Debug|Any CPU
		{3C39F301-2DC8-4BED-8EDB-80887AA3C19E}.Debug|x64.Build.0 = Debug|Any CPU
		{3C39F301-2DC8-4BED-8EDB-80887AA3C19E}.Debug|x64.Deploy.0 = Debug|Any CPU
		{3C39F301-2DC8-4BED-8EDB-80887AA3C19E}.Debug|x86.ActiveCfg = Debug|x86
		{3C39F301-2DC8-4BED-8EDB-80887AA3C19E}.Debug|x86.Build.0 = Debug|x86
		{3C39F301-2DC8-4BED-8EDB-80887AA3C19E}.Debug|x86.Deploy.0 = Debug|x86
		{3C39F301-2DC8-4BED-8EDB-80887AA3C19E}.Release|Any CPU.ActiveCfg = Release|Any CPU
		{3C39F301-2DC8-4BED-8EDB-80887AA3C19E}.Release|Any CPU.Build.0 = Release|Any CPU
		{3C39F301-2DC8-4BED-8EDB-80887AA3C19E}.Release|Any CPU.Deploy.0 = Release|Any CPU
		{3C39F301-2DC8-4BED-8EDB-80887AA3C19E}.Release|ARM.ActiveCfg = Release|ARM
		{3C39F301-2DC8-4BED-8EDB-80887AA3C19E}.Release|ARM.Build.0 = Release|ARM
		{3C39F301-2DC8-4BED-8EDB-80887AA3C19E}.Release|ARM.Deploy.0 = Release|ARM
		{3C39F301-2DC8-4BED-8EDB-80887AA3C19E}.Release|iPhone.ActiveCfg = Release|Any CPU
		{3C39F301-2DC8-4BED-8EDB-80887AA3C19E}.Release|iPhone.Build.0 = Release|Any CPU
		{3C39F301-2DC8-4BED-8EDB-80887AA3C19E}.Release|iPhone.Deploy.0 = Release|Any CPU
		{3C39F301-2DC8-4BED-8EDB-80887AA3C19E}.Release|iPhoneSimulator.ActiveCfg = Release|Any CPU
		{3C39F301-2DC8-4BED-8EDB-80887AA3C19E}.Release|iPhoneSimulator.Build.0 = Release|Any CPU
		{3C39F301-2DC8-4BED-8EDB-80887AA3C19E}.Release|iPhoneSimulator.Deploy.0 = Release|Any CPU
		{3C39F301-2DC8-4BED-8EDB-80887AA3C19E}.Release|x64.ActiveCfg = Release|Any CPU
		{3C39F301-2DC8-4BED-8EDB-80887AA3C19E}.Release|x64.Build.0 = Release|Any CPU
		{3C39F301-2DC8-4BED-8EDB-80887AA3C19E}.Release|x64.Deploy.0 = Release|Any CPU
		{3C39F301-2DC8-4BED-8EDB-80887AA3C19E}.Release|x86.ActiveCfg = Release|x86
		{3C39F301-2DC8-4BED-8EDB-80887AA3C19E}.Release|x86.Build.0 = Release|x86
		{3C39F301-2DC8-4BED-8EDB-80887AA3C19E}.Release|x86.Deploy.0 = Release|x86
		{80B9438E-47FE-434A-8F4C-BBD462522A12}.Ad-Hoc|Any CPU.ActiveCfg = Release|Any CPU
		{80B9438E-47FE-434A-8F4C-BBD462522A12}.Ad-Hoc|Any CPU.Build.0 = Release|Any CPU
		{80B9438E-47FE-434A-8F4C-BBD462522A12}.Ad-Hoc|ARM.ActiveCfg = Release|Any CPU
		{80B9438E-47FE-434A-8F4C-BBD462522A12}.Ad-Hoc|ARM.Build.0 = Release|Any CPU
		{80B9438E-47FE-434A-8F4C-BBD462522A12}.Ad-Hoc|iPhone.ActiveCfg = Release|Any CPU
		{80B9438E-47FE-434A-8F4C-BBD462522A12}.Ad-Hoc|iPhone.Build.0 = Release|Any CPU
		{80B9438E-47FE-434A-8F4C-BBD462522A12}.Ad-Hoc|iPhoneSimulator.ActiveCfg = Release|Any CPU
		{80B9438E-47FE-434A-8F4C-BBD462522A12}.Ad-Hoc|iPhoneSimulator.Build.0 = Release|Any CPU
		{80B9438E-47FE-434A-8F4C-BBD462522A12}.Ad-Hoc|x64.ActiveCfg = Release|Any CPU
		{80B9438E-47FE-434A-8F4C-BBD462522A12}.Ad-Hoc|x64.Build.0 = Release|Any CPU
		{80B9438E-47FE-434A-8F4C-BBD462522A12}.Ad-Hoc|x86.ActiveCfg = Release|Any CPU
		{80B9438E-47FE-434A-8F4C-BBD462522A12}.Ad-Hoc|x86.Build.0 = Release|Any CPU
		{80B9438E-47FE-434A-8F4C-BBD462522A12}.AppStore|Any CPU.ActiveCfg = Release|Any CPU
		{80B9438E-47FE-434A-8F4C-BBD462522A12}.AppStore|Any CPU.Build.0 = Release|Any CPU
		{80B9438E-47FE-434A-8F4C-BBD462522A12}.AppStore|ARM.ActiveCfg = Release|Any CPU
		{80B9438E-47FE-434A-8F4C-BBD462522A12}.AppStore|ARM.Build.0 = Release|Any CPU
		{80B9438E-47FE-434A-8F4C-BBD462522A12}.AppStore|iPhone.ActiveCfg = Release|Any CPU
		{80B9438E-47FE-434A-8F4C-BBD462522A12}.AppStore|iPhone.Build.0 = Release|Any CPU
		{80B9438E-47FE-434A-8F4C-BBD462522A12}.AppStore|iPhoneSimulator.ActiveCfg = Release|Any CPU
		{80B9438E-47FE-434A-8F4C-BBD462522A12}.AppStore|iPhoneSimulator.Build.0 = Release|Any CPU
		{80B9438E-47FE-434A-8F4C-BBD462522A12}.AppStore|x64.ActiveCfg = Release|Any CPU
		{80B9438E-47FE-434A-8F4C-BBD462522A12}.AppStore|x64.Build.0 = Release|Any CPU
		{80B9438E-47FE-434A-8F4C-BBD462522A12}.AppStore|x86.ActiveCfg = Release|Any CPU
		{80B9438E-47FE-434A-8F4C-BBD462522A12}.AppStore|x86.Build.0 = Release|Any CPU
		{80B9438E-47FE-434A-8F4C-BBD462522A12}.Debug|Any CPU.ActiveCfg = Debug|Any CPU
		{80B9438E-47FE-434A-8F4C-BBD462522A12}.Debug|Any CPU.Build.0 = Debug|Any CPU
		{80B9438E-47FE-434A-8F4C-BBD462522A12}.Debug|ARM.ActiveCfg = Debug|Any CPU
		{80B9438E-47FE-434A-8F4C-BBD462522A12}.Debug|ARM.Build.0 = Debug|Any CPU
		{80B9438E-47FE-434A-8F4C-BBD462522A12}.Debug|iPhone.ActiveCfg = Debug|Any CPU
		{80B9438E-47FE-434A-8F4C-BBD462522A12}.Debug|iPhone.Build.0 = Debug|Any CPU
		{80B9438E-47FE-434A-8F4C-BBD462522A12}.Debug|iPhoneSimulator.ActiveCfg = Debug|Any CPU
		{80B9438E-47FE-434A-8F4C-BBD462522A12}.Debug|iPhoneSimulator.Build.0 = Debug|Any CPU
		{80B9438E-47FE-434A-8F4C-BBD462522A12}.Debug|x64.ActiveCfg = Debug|Any CPU
		{80B9438E-47FE-434A-8F4C-BBD462522A12}.Debug|x64.Build.0 = Debug|Any CPU
		{80B9438E-47FE-434A-8F4C-BBD462522A12}.Debug|x86.ActiveCfg = Debug|Any CPU
		{80B9438E-47FE-434A-8F4C-BBD462522A12}.Debug|x86.Build.0 = Debug|Any CPU
		{80B9438E-47FE-434A-8F4C-BBD462522A12}.Release|Any CPU.ActiveCfg = Release|Any CPU
		{80B9438E-47FE-434A-8F4C-BBD462522A12}.Release|Any CPU.Build.0 = Release|Any CPU
		{80B9438E-47FE-434A-8F4C-BBD462522A12}.Release|ARM.ActiveCfg = Release|Any CPU
		{80B9438E-47FE-434A-8F4C-BBD462522A12}.Release|ARM.Build.0 = Release|Any CPU
		{80B9438E-47FE-434A-8F4C-BBD462522A12}.Release|iPhone.ActiveCfg = Release|Any CPU
		{80B9438E-47FE-434A-8F4C-BBD462522A12}.Release|iPhone.Build.0 = Release|Any CPU
		{80B9438E-47FE-434A-8F4C-BBD462522A12}.Release|iPhoneSimulator.ActiveCfg = Release|Any CPU
		{80B9438E-47FE-434A-8F4C-BBD462522A12}.Release|iPhoneSimulator.Build.0 = Release|Any CPU
		{80B9438E-47FE-434A-8F4C-BBD462522A12}.Release|x64.ActiveCfg = Release|Any CPU
		{80B9438E-47FE-434A-8F4C-BBD462522A12}.Release|x64.Build.0 = Release|Any CPU
		{80B9438E-47FE-434A-8F4C-BBD462522A12}.Release|x86.ActiveCfg = Release|Any CPU
		{80B9438E-47FE-434A-8F4C-BBD462522A12}.Release|x86.Build.0 = Release|Any CPU
	EndGlobalSection
	GlobalSection(SolutionProperties) = preSolution
		HideSolutionNode = FALSE
	EndGlobalSection
EndGlobal
