
Microsoft Visual Studio Solution File, Format Version 12.00
# Visual Studio 14
VisualStudioVersion = 14.0.25123.0
MinimumVisualStudioVersion = 10.0.40219.1
Project("{FAE04EC0-301F-11D3-BF4B-00C04F79EFBC}") = "FormsExample.Droid", "FormsExample\FormsExample.Droid\FormsExample.Droid.csproj", "{875E44D7-0A20-46AA-8DC4-B5E7A1814B1A}"
EndProject
Project("{FAE04EC0-301F-11D3-BF4B-00C04F79EFBC}") = "FormsExample.iOS", "FormsExample\FormsExample.iOS\FormsExample.iOS.csproj", "{3FD8DE2D-1D2C-4841-807F-98B886F70062}"
EndProject
Project("{FAE04EC0-301F-11D3-BF4B-00C04F79EFBC}") = "FormsExample", "FormsExample\FormsExample\FormsExample.csproj", "{604E00E5-30E0-4F7D-85E0-8C5801BFCB13}"
EndProject
Project("{2150E333-8FDC-42A3-9474-1A3956D46DE8}") = "Example Apps", "Example Apps", "{D01191B5-C4C7-4605-9A34-5A01A38FC11D}"
EndProject
Project("{2150E333-8FDC-42A3-9474-1A3956D46DE8}") = "Libraries", "Libraries", "{5B25C555-755A-430E-B069-E371810AB967}"
EndProject
Project("{FAE04EC0-301F-11D3-BF4B-00C04F79EFBC}") = "OpenNETCF.Xamarin.Forms", "..\OpenNETCF.Xamarin.Forms\Portable\OpenNETCF.Xamarin.Forms.csproj", "{DD0C6E1F-1AB9-424E-B268-5ED036CB0072}"
EndProject
Project("{FAE04EC0-301F-11D3-BF4B-00C04F79EFBC}") = "OpenNETCF.Xamarin.Forms.Android", "..\OpenNETCF.Xamarin.Forms\OpenNETCF.Xamarin.Forms.Android\OpenNETCF.Xamarin.Forms.Android.csproj", "{E09B41F3-31E7-4E2D-83AA-E74176BD28D7}"
EndProject
Project("{FAE04EC0-301F-11D3-BF4B-00C04F79EFBC}") = "OpenNETCF.Xamarin.Forms.iOS", "..\OpenNETCF.Xamarin.Forms\OpenNETCF.Xamarin.Forms.iOS\OpenNETCF.Xamarin.Forms.iOS.csproj", "{53B669DB-EA60-40E2-AF94-AE92E31E250B}"
EndProject
Global
	GlobalSection(SolutionConfigurationPlatforms) = preSolution
		Ad-Hoc|Any CPU = Ad-Hoc|Any CPU
		Ad-Hoc|ARM = Ad-Hoc|ARM
		Ad-Hoc|iPhone = Ad-Hoc|iPhone
		Ad-Hoc|iPhoneSimulator = Ad-Hoc|iPhoneSimulator
		Ad-Hoc|x64 = Ad-Hoc|x64
		Ad-Hoc|x86 = Ad-Hoc|x86
		AppStore|Any CPU = AppStore|Any CPU
		AppStore|ARM = AppStore|ARM
		AppStore|iPhone = AppStore|iPhone
		AppStore|iPhoneSimulator = AppStore|iPhoneSimulator
		AppStore|x64 = AppStore|x64
		AppStore|x86 = AppStore|x86
		Debug|Any CPU = Debug|Any CPU
		Debug|ARM = Debug|ARM
		Debug|iPhone = Debug|iPhone
		Debug|iPhoneSimulator = Debug|iPhoneSimulator
		Debug|x64 = Debug|x64
		Debug|x86 = Debug|x86
		Release|Any CPU = Release|Any CPU
		Release|ARM = Release|ARM
		Release|iPhone = Release|iPhone
		Release|iPhoneSimulator = Release|iPhoneSimulator
		Release|x64 = Release|x64
		Release|x86 = Release|x86
	EndGlobalSection
	GlobalSection(ProjectConfigurationPlatforms) = postSolution
		{875E44D7-0A20-46AA-8DC4-B5E7A1814B1A}.Ad-Hoc|Any CPU.ActiveCfg = Release|Any CPU
		{875E44D7-0A20-46AA-8DC4-B5E7A1814B1A}.Ad-Hoc|Any CPU.Build.0 = Release|Any CPU
		{875E44D7-0A20-46AA-8DC4-B5E7A1814B1A}.Ad-Hoc|Any CPU.Deploy.0 = Release|Any CPU
		{875E44D7-0A20-46AA-8DC4-B5E7A1814B1A}.Ad-Hoc|ARM.ActiveCfg = Release|Any CPU
		{875E44D7-0A20-46AA-8DC4-B5E7A1814B1A}.Ad-Hoc|ARM.Build.0 = Release|Any CPU
		{875E44D7-0A20-46AA-8DC4-B5E7A1814B1A}.Ad-Hoc|ARM.Deploy.0 = Release|Any CPU
		{875E44D7-0A20-46AA-8DC4-B5E7A1814B1A}.Ad-Hoc|iPhone.ActiveCfg = Release|Any CPU
		{875E44D7-0A20-46AA-8DC4-B5E7A1814B1A}.Ad-Hoc|iPhone.Build.0 = Release|Any CPU
		{875E44D7-0A20-46AA-8DC4-B5E7A1814B1A}.Ad-Hoc|iPhone.Deploy.0 = Release|Any CPU
		{875E44D7-0A20-46AA-8DC4-B5E7A1814B1A}.Ad-Hoc|iPhoneSimulator.ActiveCfg = Release|Any CPU
		{875E44D7-0A20-46AA-8DC4-B5E7A1814B1A}.Ad-Hoc|iPhoneSimulator.Build.0 = Release|Any CPU
		{875E44D7-0A20-46AA-8DC4-B5E7A1814B1A}.Ad-Hoc|iPhoneSimulator.Deploy.0 = Release|Any CPU
		{875E44D7-0A20-46AA-8DC4-B5E7A1814B1A}.Ad-Hoc|x64.ActiveCfg = Release|Any CPU
		{875E44D7-0A20-46AA-8DC4-B5E7A1814B1A}.Ad-Hoc|x64.Build.0 = Release|Any CPU
		{875E44D7-0A20-46AA-8DC4-B5E7A1814B1A}.Ad-Hoc|x64.Deploy.0 = Release|Any CPU
		{875E44D7-0A20-46AA-8DC4-B5E7A1814B1A}.Ad-Hoc|x86.ActiveCfg = Release|Any CPU
		{875E44D7-0A20-46AA-8DC4-B5E7A1814B1A}.Ad-Hoc|x86.Build.0 = Release|Any CPU
		{875E44D7-0A20-46AA-8DC4-B5E7A1814B1A}.Ad-Hoc|x86.Deploy.0 = Release|Any CPU
		{875E44D7-0A20-46AA-8DC4-B5E7A1814B1A}.AppStore|Any CPU.ActiveCfg = Release|Any CPU
		{875E44D7-0A20-46AA-8DC4-B5E7A1814B1A}.AppStore|Any CPU.Build.0 = Release|Any CPU
		{875E44D7-0A20-46AA-8DC4-B5E7A1814B1A}.AppStore|Any CPU.Deploy.0 = Release|Any CPU
		{875E44D7-0A20-46AA-8DC4-B5E7A1814B1A}.AppStore|ARM.ActiveCfg = Release|Any CPU
		{875E44D7-0A20-46AA-8DC4-B5E7A1814B1A}.AppStore|ARM.Build.0 = Release|Any CPU
		{875E44D7-0A20-46AA-8DC4-B5E7A1814B1A}.AppStore|ARM.Deploy.0 = Release|Any CPU
		{875E44D7-0A20-46AA-8DC4-B5E7A1814B1A}.AppStore|iPhone.ActiveCfg = Release|Any CPU
		{875E44D7-0A20-46AA-8DC4-B5E7A1814B1A}.AppStore|iPhone.Build.0 = Release|Any CPU
		{875E44D7-0A20-46AA-8DC4-B5E7A1814B1A}.AppStore|iPhone.Deploy.0 = Release|Any CPU
		{875E44D7-0A20-46AA-8DC4-B5E7A1814B1A}.AppStore|iPhoneSimulator.ActiveCfg = Release|Any CPU
		{875E44D7-0A20-46AA-8DC4-B5E7A1814B1A}.AppStore|iPhoneSimulator.Build.0 = Release|Any CPU
		{875E44D7-0A20-46AA-8DC4-B5E7A1814B1A}.AppStore|iPhoneSimulator.Deploy.0 = Release|Any CPU
		{875E44D7-0A20-46AA-8DC4-B5E7A1814B1A}.AppStore|x64.ActiveCfg = Release|Any CPU
		{875E44D7-0A20-46AA-8DC4-B5E7A1814B1A}.AppStore|x64.Build.0 = Release|Any CPU
		{875E44D7-0A20-46AA-8DC4-B5E7A1814B1A}.AppStore|x64.Deploy.0 = Release|Any CPU
		{875E44D7-0A20-46AA-8DC4-B5E7A1814B1A}.AppStore|x86.ActiveCfg = Release|Any CPU
		{875E44D7-0A20-46AA-8DC4-B5E7A1814B1A}.AppStore|x86.Build.0 = Release|Any CPU
		{875E44D7-0A20-46AA-8DC4-B5E7A1814B1A}.AppStore|x86.Deploy.0 = Release|Any CPU
		{875E44D7-0A20-46AA-8DC4-B5E7A1814B1A}.Debug|Any CPU.ActiveCfg = Debug|Any CPU
		{875E44D7-0A20-46AA-8DC4-B5E7A1814B1A}.Debug|Any CPU.Build.0 = Debug|Any CPU
		{875E44D7-0A20-46AA-8DC4-B5E7A1814B1A}.Debug|Any CPU.Deploy.0 = Debug|Any CPU
		{875E44D7-0A20-46AA-8DC4-B5E7A1814B1A}.Debug|ARM.ActiveCfg = Debug|Any CPU
		{875E44D7-0A20-46AA-8DC4-B5E7A1814B1A}.Debug|ARM.Build.0 = Debug|Any CPU
		{875E44D7-0A20-46AA-8DC4-B5E7A1814B1A}.Debug|ARM.Deploy.0 = Debug|Any CPU
		{875E44D7-0A20-46AA-8DC4-B5E7A1814B1A}.Debug|iPhone.ActiveCfg = Debug|Any CPU
		{875E44D7-0A20-46AA-8DC4-B5E7A1814B1A}.Debug|iPhone.Build.0 = Debug|Any CPU
		{875E44D7-0A20-46AA-8DC4-B5E7A1814B1A}.Debug|iPhone.Deploy.0 = Debug|Any CPU
		{875E44D7-0A20-46AA-8DC4-B5E7A1814B1A}.Debug|iPhoneSimulator.ActiveCfg = Debug|Any CPU
		{875E44D7-0A20-46AA-8DC4-B5E7A1814B1A}.Debug|iPhoneSimulator.Build.0 = Debug|Any CPU
		{875E44D7-0A20-46AA-8DC4-B5E7A1814B1A}.Debug|iPhoneSimulator.Deploy.0 = Debug|Any CPU
		{875E44D7-0A20-46AA-8DC4-B5E7A1814B1A}.Debug|x64.ActiveCfg = Debug|Any CPU
		{875E44D7-0A20-46AA-8DC4-B5E7A1814B1A}.Debug|x64.Build.0 = Debug|Any CPU
		{875E44D7-0A20-46AA-8DC4-B5E7A1814B1A}.Debug|x64.Deploy.0 = Debug|Any CPU
		{875E44D7-0A20-46AA-8DC4-B5E7A1814B1A}.Debug|x86.ActiveCfg = Debug|Any CPU
		{875E44D7-0A20-46AA-8DC4-B5E7A1814B1A}.Debug|x86.Build.0 = Debug|Any CPU
		{875E44D7-0A20-46AA-8DC4-B5E7A1814B1A}.Debug|x86.Deploy.0 = Debug|Any CPU
		{875E44D7-0A20-46AA-8DC4-B5E7A1814B1A}.Release|Any CPU.ActiveCfg = Release|Any CPU
		{875E44D7-0A20-46AA-8DC4-B5E7A1814B1A}.Release|Any CPU.Build.0 = Release|Any CPU
		{875E44D7-0A20-46AA-8DC4-B5E7A1814B1A}.Release|Any CPU.Deploy.0 = Release|Any CPU
		{875E44D7-0A20-46AA-8DC4-B5E7A1814B1A}.Release|ARM.ActiveCfg = Release|Any CPU
		{875E44D7-0A20-46AA-8DC4-B5E7A1814B1A}.Release|ARM.Build.0 = Release|Any CPU
		{875E44D7-0A20-46AA-8DC4-B5E7A1814B1A}.Release|ARM.Deploy.0 = Release|Any CPU
		{875E44D7-0A20-46AA-8DC4-B5E7A1814B1A}.Release|iPhone.ActiveCfg = Release|Any CPU
		{875E44D7-0A20-46AA-8DC4-B5E7A1814B1A}.Release|iPhone.Build.0 = Release|Any CPU
		{875E44D7-0A20-46AA-8DC4-B5E7A1814B1A}.Release|iPhone.Deploy.0 = Release|Any CPU
		{875E44D7-0A20-46AA-8DC4-B5E7A1814B1A}.Release|iPhoneSimulator.ActiveCfg = Release|Any CPU
		{875E44D7-0A20-46AA-8DC4-B5E7A1814B1A}.Release|iPhoneSimulator.Build.0 = Release|Any CPU
		{875E44D7-0A20-46AA-8DC4-B5E7A1814B1A}.Release|iPhoneSimulator.Deploy.0 = Release|Any CPU
		{875E44D7-0A20-46AA-8DC4-B5E7A1814B1A}.Release|x64.ActiveCfg = Release|Any CPU
		{875E44D7-0A20-46AA-8DC4-B5E7A1814B1A}.Release|x64.Build.0 = Release|Any CPU
		{875E44D7-0A20-46AA-8DC4-B5E7A1814B1A}.Release|x64.Deploy.0 = Release|Any CPU
		{875E44D7-0A20-46AA-8DC4-B5E7A1814B1A}.Release|x86.ActiveCfg = Release|Any CPU
		{875E44D7-0A20-46AA-8DC4-B5E7A1814B1A}.Release|x86.Build.0 = Release|Any CPU
		{875E44D7-0A20-46AA-8DC4-B5E7A1814B1A}.Release|x86.Deploy.0 = Release|Any CPU
		{3FD8DE2D-1D2C-4841-807F-98B886F70062}.Ad-Hoc|Any CPU.ActiveCfg = Ad-Hoc|iPhone
		{3FD8DE2D-1D2C-4841-807F-98B886F70062}.Ad-Hoc|ARM.ActiveCfg = Ad-Hoc|iPhone
		{3FD8DE2D-1D2C-4841-807F-98B886F70062}.Ad-Hoc|iPhone.ActiveCfg = Ad-Hoc|iPhone
		{3FD8DE2D-1D2C-4841-807F-98B886F70062}.Ad-Hoc|iPhone.Build.0 = Ad-Hoc|iPhone
		{3FD8DE2D-1D2C-4841-807F-98B886F70062}.Ad-Hoc|iPhoneSimulator.ActiveCfg = Ad-Hoc|iPhoneSimulator
		{3FD8DE2D-1D2C-4841-807F-98B886F70062}.Ad-Hoc|iPhoneSimulator.Build.0 = Ad-Hoc|iPhoneSimulator
		{3FD8DE2D-1D2C-4841-807F-98B886F70062}.Ad-Hoc|x64.ActiveCfg = Ad-Hoc|iPhone
		{3FD8DE2D-1D2C-4841-807F-98B886F70062}.Ad-Hoc|x86.ActiveCfg = Ad-Hoc|iPhone
		{3FD8DE2D-1D2C-4841-807F-98B886F70062}.AppStore|Any CPU.ActiveCfg = AppStore|iPhone
		{3FD8DE2D-1D2C-4841-807F-98B886F70062}.AppStore|ARM.ActiveCfg = AppStore|iPhone
		{3FD8DE2D-1D2C-4841-807F-98B886F70062}.AppStore|iPhone.ActiveCfg = AppStore|iPhone
		{3FD8DE2D-1D2C-4841-807F-98B886F70062}.AppStore|iPhone.Build.0 = AppStore|iPhone
		{3FD8DE2D-1D2C-4841-807F-98B886F70062}.AppStore|iPhoneSimulator.ActiveCfg = AppStore|iPhoneSimulator
		{3FD8DE2D-1D2C-4841-807F-98B886F70062}.AppStore|iPhoneSimulator.Build.0 = AppStore|iPhoneSimulator
		{3FD8DE2D-1D2C-4841-807F-98B886F70062}.AppStore|x64.ActiveCfg = AppStore|iPhone
		{3FD8DE2D-1D2C-4841-807F-98B886F70062}.AppStore|x86.ActiveCfg = AppStore|iPhone
		{3FD8DE2D-1D2C-4841-807F-98B886F70062}.Debug|Any CPU.ActiveCfg = Debug|iPhone
		{3FD8DE2D-1D2C-4841-807F-98B886F70062}.Debug|ARM.ActiveCfg = Debug|iPhone
		{3FD8DE2D-1D2C-4841-807F-98B886F70062}.Debug|iPhone.ActiveCfg = Debug|iPhone
		{3FD8DE2D-1D2C-4841-807F-98B886F70062}.Debug|iPhone.Build.0 = Debug|iPhone
		{3FD8DE2D-1D2C-4841-807F-98B886F70062}.Debug|iPhoneSimulator.ActiveCfg = Debug|iPhoneSimulator
		{3FD8DE2D-1D2C-4841-807F-98B886F70062}.Debug|iPhoneSimulator.Build.0 = Debug|iPhoneSimulator
		{3FD8DE2D-1D2C-4841-807F-98B886F70062}.Debug|x64.ActiveCfg = Debug|iPhone
		{3FD8DE2D-1D2C-4841-807F-98B886F70062}.Debug|x86.ActiveCfg = Debug|iPhone
		{3FD8DE2D-1D2C-4841-807F-98B886F70062}.Release|Any CPU.ActiveCfg = Release|iPhone
		{3FD8DE2D-1D2C-4841-807F-98B886F70062}.Release|ARM.ActiveCfg = Release|iPhone
		{3FD8DE2D-1D2C-4841-807F-98B886F70062}.Release|iPhone.ActiveCfg = Release|iPhone
		{3FD8DE2D-1D2C-4841-807F-98B886F70062}.Release|iPhone.Build.0 = Release|iPhone
		{3FD8DE2D-1D2C-4841-807F-98B886F70062}.Release|iPhoneSimulator.ActiveCfg = Release|iPhoneSimulator
		{3FD8DE2D-1D2C-4841-807F-98B886F70062}.Release|iPhoneSimulator.Build.0 = Release|iPhoneSimulator
		{3FD8DE2D-1D2C-4841-807F-98B886F70062}.Release|x64.ActiveCfg = Release|iPhone
		{3FD8DE2D-1D2C-4841-807F-98B886F70062}.Release|x86.ActiveCfg = Release|iPhone
		{604E00E5-30E0-4F7D-85E0-8C5801BFCB13}.Ad-Hoc|Any CPU.ActiveCfg = Release|Any CPU
		{604E00E5-30E0-4F7D-85E0-8C5801BFCB13}.Ad-Hoc|Any CPU.Build.0 = Release|Any CPU
		{604E00E5-30E0-4F7D-85E0-8C5801BFCB13}.Ad-Hoc|ARM.ActiveCfg = Release|Any CPU
		{604E00E5-30E0-4F7D-85E0-8C5801BFCB13}.Ad-Hoc|ARM.Build.0 = Release|Any CPU
		{604E00E5-30E0-4F7D-85E0-8C5801BFCB13}.Ad-Hoc|iPhone.ActiveCfg = Release|Any CPU
		{604E00E5-30E0-4F7D-85E0-8C5801BFCB13}.Ad-Hoc|iPhone.Build.0 = Release|Any CPU
		{604E00E5-30E0-4F7D-85E0-8C5801BFCB13}.Ad-Hoc|iPhoneSimulator.ActiveCfg = Release|Any CPU
		{604E00E5-30E0-4F7D-85E0-8C5801BFCB13}.Ad-Hoc|iPhoneSimulator.Build.0 = Release|Any CPU
		{604E00E5-30E0-4F7D-85E0-8C5801BFCB13}.Ad-Hoc|x64.ActiveCfg = Release|Any CPU
		{604E00E5-30E0-4F7D-85E0-8C5801BFCB13}.Ad-Hoc|x64.Build.0 = Release|Any CPU
		{604E00E5-30E0-4F7D-85E0-8C5801BFCB13}.Ad-Hoc|x86.ActiveCfg = Release|Any CPU
		{604E00E5-30E0-4F7D-85E0-8C5801BFCB13}.Ad-Hoc|x86.Build.0 = Release|Any CPU
		{604E00E5-30E0-4F7D-85E0-8C5801BFCB13}.AppStore|Any CPU.ActiveCfg = Release|Any CPU
		{604E00E5-30E0-4F7D-85E0-8C5801BFCB13}.AppStore|Any CPU.Build.0 = Release|Any CPU
		{604E00E5-30E0-4F7D-85E0-8C5801BFCB13}.AppStore|ARM.ActiveCfg = Release|Any CPU
		{604E00E5-30E0-4F7D-85E0-8C5801BFCB13}.AppStore|ARM.Build.0 = Release|Any CPU
		{604E00E5-30E0-4F7D-85E0-8C5801BFCB13}.AppStore|iPhone.ActiveCfg = Release|Any CPU
		{604E00E5-30E0-4F7D-85E0-8C5801BFCB13}.AppStore|iPhone.Build.0 = Release|Any CPU
		{604E00E5-30E0-4F7D-85E0-8C5801BFCB13}.AppStore|iPhoneSimulator.ActiveCfg = Release|Any CPU
		{604E00E5-30E0-4F7D-85E0-8C5801BFCB13}.AppStore|iPhoneSimulator.Build.0 = Release|Any CPU
		{604E00E5-30E0-4F7D-85E0-8C5801BFCB13}.AppStore|x64.ActiveCfg = Release|Any CPU
		{604E00E5-30E0-4F7D-85E0-8C5801BFCB13}.AppStore|x64.Build.0 = Release|Any CPU
		{604E00E5-30E0-4F7D-85E0-8C5801BFCB13}.AppStore|x86.ActiveCfg = Release|Any CPU
		{604E00E5-30E0-4F7D-85E0-8C5801BFCB13}.AppStore|x86.Build.0 = Release|Any CPU
		{604E00E5-30E0-4F7D-85E0-8C5801BFCB13}.Debug|Any CPU.ActiveCfg = Debug|Any CPU
		{604E00E5-30E0-4F7D-85E0-8C5801BFCB13}.Debug|Any CPU.Build.0 = Debug|Any CPU
		{604E00E5-30E0-4F7D-85E0-8C5801BFCB13}.Debug|ARM.ActiveCfg = Debug|Any CPU
		{604E00E5-30E0-4F7D-85E0-8C5801BFCB13}.Debug|ARM.Build.0 = Debug|Any CPU
		{604E00E5-30E0-4F7D-85E0-8C5801BFCB13}.Debug|iPhone.ActiveCfg = Debug|Any CPU
		{604E00E5-30E0-4F7D-85E0-8C5801BFCB13}.Debug|iPhone.Build.0 = Debug|Any CPU
		{604E00E5-30E0-4F7D-85E0-8C5801BFCB13}.Debug|iPhoneSimulator.ActiveCfg = Debug|Any CPU
		{604E00E5-30E0-4F7D-85E0-8C5801BFCB13}.Debug|iPhoneSimulator.Build.0 = Debug|Any CPU
		{604E00E5-30E0-4F7D-85E0-8C5801BFCB13}.Debug|x64.ActiveCfg = Debug|Any CPU
		{604E00E5-30E0-4F7D-85E0-8C5801BFCB13}.Debug|x64.Build.0 = Debug|Any CPU
		{604E00E5-30E0-4F7D-85E0-8C5801BFCB13}.Debug|x86.ActiveCfg = Debug|Any CPU
		{604E00E5-30E0-4F7D-85E0-8C5801BFCB13}.Debug|x86.Build.0 = Debug|Any CPU
		{604E00E5-30E0-4F7D-85E0-8C5801BFCB13}.Release|Any CPU.ActiveCfg = Release|Any CPU
		{604E00E5-30E0-4F7D-85E0-8C5801BFCB13}.Release|Any CPU.Build.0 = Release|Any CPU
		{604E00E5-30E0-4F7D-85E0-8C5801BFCB13}.Release|ARM.ActiveCfg = Release|Any CPU
		{604E00E5-30E0-4F7D-85E0-8C5801BFCB13}.Release|ARM.Build.0 = Release|Any CPU
		{604E00E5-30E0-4F7D-85E0-8C5801BFCB13}.Release|iPhone.ActiveCfg = Release|Any CPU
		{604E00E5-30E0-4F7D-85E0-8C5801BFCB13}.Release|iPhone.Build.0 = Release|Any CPU
		{604E00E5-30E0-4F7D-85E0-8C5801BFCB13}.Release|iPhoneSimulator.ActiveCfg = Release|Any CPU
		{604E00E5-30E0-4F7D-85E0-8C5801BFCB13}.Release|iPhoneSimulator.Build.0 = Release|Any CPU
		{604E00E5-30E0-4F7D-85E0-8C5801BFCB13}.Release|x64.ActiveCfg = Release|Any CPU
		{604E00E5-30E0-4F7D-85E0-8C5801BFCB13}.Release|x64.Build.0 = Release|Any CPU
		{604E00E5-30E0-4F7D-85E0-8C5801BFCB13}.Release|x86.ActiveCfg = Release|Any CPU
		{604E00E5-30E0-4F7D-85E0-8C5801BFCB13}.Release|x86.Build.0 = Release|Any CPU
		{DD0C6E1F-1AB9-424E-B268-5ED036CB0072}.Ad-Hoc|Any CPU.ActiveCfg = Release|Any CPU
		{DD0C6E1F-1AB9-424E-B268-5ED036CB0072}.Ad-Hoc|Any CPU.Build.0 = Release|Any CPU
		{DD0C6E1F-1AB9-424E-B268-5ED036CB0072}.Ad-Hoc|ARM.ActiveCfg = Release|Any CPU
		{DD0C6E1F-1AB9-424E-B268-5ED036CB0072}.Ad-Hoc|ARM.Build.0 = Release|Any CPU
		{DD0C6E1F-1AB9-424E-B268-5ED036CB0072}.Ad-Hoc|iPhone.ActiveCfg = Release|Any CPU
		{DD0C6E1F-1AB9-424E-B268-5ED036CB0072}.Ad-Hoc|iPhone.Build.0 = Release|Any CPU
		{DD0C6E1F-1AB9-424E-B268-5ED036CB0072}.Ad-Hoc|iPhoneSimulator.ActiveCfg = Release|Any CPU
		{DD0C6E1F-1AB9-424E-B268-5ED036CB0072}.Ad-Hoc|iPhoneSimulator.Build.0 = Release|Any CPU
		{DD0C6E1F-1AB9-424E-B268-5ED036CB0072}.Ad-Hoc|x64.ActiveCfg = Release|Any CPU
		{DD0C6E1F-1AB9-424E-B268-5ED036CB0072}.Ad-Hoc|x64.Build.0 = Release|Any CPU
		{DD0C6E1F-1AB9-424E-B268-5ED036CB0072}.Ad-Hoc|x86.ActiveCfg = Release|Any CPU
		{DD0C6E1F-1AB9-424E-B268-5ED036CB0072}.Ad-Hoc|x86.Build.0 = Release|Any CPU
		{DD0C6E1F-1AB9-424E-B268-5ED036CB0072}.AppStore|Any CPU.ActiveCfg = Release|Any CPU
		{DD0C6E1F-1AB9-424E-B268-5ED036CB0072}.AppStore|Any CPU.Build.0 = Release|Any CPU
		{DD0C6E1F-1AB9-424E-B268-5ED036CB0072}.AppStore|ARM.ActiveCfg = Release|Any CPU
		{DD0C6E1F-1AB9-424E-B268-5ED036CB0072}.AppStore|ARM.Build.0 = Release|Any CPU
		{DD0C6E1F-1AB9-424E-B268-5ED036CB0072}.AppStore|iPhone.ActiveCfg = Release|Any CPU
		{DD0C6E1F-1AB9-424E-B268-5ED036CB0072}.AppStore|iPhone.Build.0 = Release|Any CPU
		{DD0C6E1F-1AB9-424E-B268-5ED036CB0072}.AppStore|iPhoneSimulator.ActiveCfg = Release|Any CPU
		{DD0C6E1F-1AB9-424E-B268-5ED036CB0072}.AppStore|iPhoneSimulator.Build.0 = Release|Any CPU
		{DD0C6E1F-1AB9-424E-B268-5ED036CB0072}.AppStore|x64.ActiveCfg = Release|Any CPU
		{DD0C6E1F-1AB9-424E-B268-5ED036CB0072}.AppStore|x64.Build.0 = Release|Any CPU
		{DD0C6E1F-1AB9-424E-B268-5ED036CB0072}.AppStore|x86.ActiveCfg = Release|Any CPU
		{DD0C6E1F-1AB9-424E-B268-5ED036CB0072}.AppStore|x86.Build.0 = Release|Any CPU
		{DD0C6E1F-1AB9-424E-B268-5ED036CB0072}.Debug|Any CPU.ActiveCfg = Debug|Any CPU
		{DD0C6E1F-1AB9-424E-B268-5ED036CB0072}.Debug|Any CPU.Build.0 = Debug|Any CPU
		{DD0C6E1F-1AB9-424E-B268-5ED036CB0072}.Debug|ARM.ActiveCfg = Debug|Any CPU
		{DD0C6E1F-1AB9-424E-B268-5ED036CB0072}.Debug|ARM.Build.0 = Debug|Any CPU
		{DD0C6E1F-1AB9-424E-B268-5ED036CB0072}.Debug|iPhone.ActiveCfg = Debug|Any CPU
		{DD0C6E1F-1AB9-424E-B268-5ED036CB0072}.Debug|iPhone.Build.0 = Debug|Any CPU
		{DD0C6E1F-1AB9-424E-B268-5ED036CB0072}.Debug|iPhoneSimulator.ActiveCfg = Debug|Any CPU
		{DD0C6E1F-1AB9-424E-B268-5ED036CB0072}.Debug|iPhoneSimulator.Build.0 = Debug|Any CPU
		{DD0C6E1F-1AB9-424E-B268-5ED036CB0072}.Debug|x64.ActiveCfg = Debug|Any CPU
		{DD0C6E1F-1AB9-424E-B268-5ED036CB0072}.Debug|x64.Build.0 = Debug|Any CPU
		{DD0C6E1F-1AB9-424E-B268-5ED036CB0072}.Debug|x86.ActiveCfg = Debug|Any CPU
		{DD0C6E1F-1AB9-424E-B268-5ED036CB0072}.Debug|x86.Build.0 = Debug|Any CPU
		{DD0C6E1F-1AB9-424E-B268-5ED036CB0072}.Release|Any CPU.ActiveCfg = Release|Any CPU
		{DD0C6E1F-1AB9-424E-B268-5ED036CB0072}.Release|Any CPU.Build.0 = Release|Any CPU
		{DD0C6E1F-1AB9-424E-B268-5ED036CB0072}.Release|ARM.ActiveCfg = Release|Any CPU
		{DD0C6E1F-1AB9-424E-B268-5ED036CB0072}.Release|ARM.Build.0 = Release|Any CPU
		{DD0C6E1F-1AB9-424E-B268-5ED036CB0072}.Release|iPhone.ActiveCfg = Release|Any CPU
		{DD0C6E1F-1AB9-424E-B268-5ED036CB0072}.Release|iPhone.Build.0 = Release|Any CPU
		{DD0C6E1F-1AB9-424E-B268-5ED036CB0072}.Release|iPhoneSimulator.ActiveCfg = Release|Any CPU
		{DD0C6E1F-1AB9-424E-B268-5ED036CB0072}.Release|iPhoneSimulator.Build.0 = Release|Any CPU
		{DD0C6E1F-1AB9-424E-B268-5ED036CB0072}.Release|x64.ActiveCfg = Release|Any CPU
		{DD0C6E1F-1AB9-424E-B268-5ED036CB0072}.Release|x64.Build.0 = Release|Any CPU
		{DD0C6E1F-1AB9-424E-B268-5ED036CB0072}.Release|x86.ActiveCfg = Release|Any CPU
		{DD0C6E1F-1AB9-424E-B268-5ED036CB0072}.Release|x86.Build.0 = Release|Any CPU
		{E09B41F3-31E7-4E2D-83AA-E74176BD28D7}.Ad-Hoc|Any CPU.ActiveCfg = Release|Any CPU
		{E09B41F3-31E7-4E2D-83AA-E74176BD28D7}.Ad-Hoc|Any CPU.Build.0 = Release|Any CPU
		{E09B41F3-31E7-4E2D-83AA-E74176BD28D7}.Ad-Hoc|ARM.ActiveCfg = Release|Any CPU
		{E09B41F3-31E7-4E2D-83AA-E74176BD28D7}.Ad-Hoc|ARM.Build.0 = Release|Any CPU
		{E09B41F3-31E7-4E2D-83AA-E74176BD28D7}.Ad-Hoc|iPhone.ActiveCfg = Release|Any CPU
		{E09B41F3-31E7-4E2D-83AA-E74176BD28D7}.Ad-Hoc|iPhone.Build.0 = Release|Any CPU
		{E09B41F3-31E7-4E2D-83AA-E74176BD28D7}.Ad-Hoc|iPhoneSimulator.ActiveCfg = Release|Any CPU
		{E09B41F3-31E7-4E2D-83AA-E74176BD28D7}.Ad-Hoc|iPhoneSimulator.Build.0 = Release|Any CPU
		{E09B41F3-31E7-4E2D-83AA-E74176BD28D7}.Ad-Hoc|x64.ActiveCfg = Release|Any CPU
		{E09B41F3-31E7-4E2D-83AA-E74176BD28D7}.Ad-Hoc|x64.Build.0 = Release|Any CPU
		{E09B41F3-31E7-4E2D-83AA-E74176BD28D7}.Ad-Hoc|x86.ActiveCfg = Release|Any CPU
		{E09B41F3-31E7-4E2D-83AA-E74176BD28D7}.Ad-Hoc|x86.Build.0 = Release|Any CPU
		{E09B41F3-31E7-4E2D-83AA-E74176BD28D7}.AppStore|Any CPU.ActiveCfg = Release|Any CPU
		{E09B41F3-31E7-4E2D-83AA-E74176BD28D7}.AppStore|Any CPU.Build.0 = Release|Any CPU
		{E09B41F3-31E7-4E2D-83AA-E74176BD28D7}.AppStore|ARM.ActiveCfg = Release|Any CPU
		{E09B41F3-31E7-4E2D-83AA-E74176BD28D7}.AppStore|ARM.Build.0 = Release|Any CPU
		{E09B41F3-31E7-4E2D-83AA-E74176BD28D7}.AppStore|iPhone.ActiveCfg = Release|Any CPU
		{E09B41F3-31E7-4E2D-83AA-E74176BD28D7}.AppStore|iPhone.Build.0 = Release|Any CPU
		{E09B41F3-31E7-4E2D-83AA-E74176BD28D7}.AppStore|iPhoneSimulator.ActiveCfg = Release|Any CPU
		{E09B41F3-31E7-4E2D-83AA-E74176BD28D7}.AppStore|iPhoneSimulator.Build.0 = Release|Any CPU
		{E09B41F3-31E7-4E2D-83AA-E74176BD28D7}.AppStore|x64.ActiveCfg = Release|Any CPU
		{E09B41F3-31E7-4E2D-83AA-E74176BD28D7}.AppStore|x64.Build.0 = Release|Any CPU
		{E09B41F3-31E7-4E2D-83AA-E74176BD28D7}.AppStore|x86.ActiveCfg = Release|Any CPU
		{E09B41F3-31E7-4E2D-83AA-E74176BD28D7}.AppStore|x86.Build.0 = Release|Any CPU
		{E09B41F3-31E7-4E2D-83AA-E74176BD28D7}.Debug|Any CPU.ActiveCfg = Debug|Any CPU
		{E09B41F3-31E7-4E2D-83AA-E74176BD28D7}.Debug|Any CPU.Build.0 = Debug|Any CPU
		{E09B41F3-31E7-4E2D-83AA-E74176BD28D7}.Debug|ARM.ActiveCfg = Debug|Any CPU
		{E09B41F3-31E7-4E2D-83AA-E74176BD28D7}.Debug|ARM.Build.0 = Debug|Any CPU
		{E09B41F3-31E7-4E2D-83AA-E74176BD28D7}.Debug|iPhone.ActiveCfg = Debug|Any CPU
		{E09B41F3-31E7-4E2D-83AA-E74176BD28D7}.Debug|iPhone.Build.0 = Debug|Any CPU
		{E09B41F3-31E7-4E2D-83AA-E74176BD28D7}.Debug|iPhoneSimulator.ActiveCfg = Debug|Any CPU
		{E09B41F3-31E7-4E2D-83AA-E74176BD28D7}.Debug|iPhoneSimulator.Build.0 = Debug|Any CPU
		{E09B41F3-31E7-4E2D-83AA-E74176BD28D7}.Debug|x64.ActiveCfg = Debug|Any CPU
		{E09B41F3-31E7-4E2D-83AA-E74176BD28D7}.Debug|x64.Build.0 = Debug|Any CPU
		{E09B41F3-31E7-4E2D-83AA-E74176BD28D7}.Debug|x86.ActiveCfg = Debug|Any CPU
		{E09B41F3-31E7-4E2D-83AA-E74176BD28D7}.Debug|x86.Build.0 = Debug|Any CPU
		{E09B41F3-31E7-4E2D-83AA-E74176BD28D7}.Release|Any CPU.ActiveCfg = Release|Any CPU
		{E09B41F3-31E7-4E2D-83AA-E74176BD28D7}.Release|Any CPU.Build.0 = Release|Any CPU
		{E09B41F3-31E7-4E2D-83AA-E74176BD28D7}.Release|ARM.ActiveCfg = Release|Any CPU
		{E09B41F3-31E7-4E2D-83AA-E74176BD28D7}.Release|ARM.Build.0 = Release|Any CPU
		{E09B41F3-31E7-4E2D-83AA-E74176BD28D7}.Release|iPhone.ActiveCfg = Release|Any CPU
		{E09B41F3-31E7-4E2D-83AA-E74176BD28D7}.Release|iPhone.Build.0 = Release|Any CPU
		{E09B41F3-31E7-4E2D-83AA-E74176BD28D7}.Release|iPhoneSimulator.ActiveCfg = Release|Any CPU
		{E09B41F3-31E7-4E2D-83AA-E74176BD28D7}.Release|iPhoneSimulator.Build.0 = Release|Any CPU
		{E09B41F3-31E7-4E2D-83AA-E74176BD28D7}.Release|x64.ActiveCfg = Release|Any CPU
		{E09B41F3-31E7-4E2D-83AA-E74176BD28D7}.Release|x64.Build.0 = Release|Any CPU
		{E09B41F3-31E7-4E2D-83AA-E74176BD28D7}.Release|x86.ActiveCfg = Release|Any CPU
		{E09B41F3-31E7-4E2D-83AA-E74176BD28D7}.Release|x86.Build.0 = Release|Any CPU
		{53B669DB-EA60-40E2-AF94-AE92E31E250B}.Ad-Hoc|Any CPU.ActiveCfg = Release|Any CPU
		{53B669DB-EA60-40E2-AF94-AE92E31E250B}.Ad-Hoc|Any CPU.Build.0 = Release|Any CPU
		{53B669DB-EA60-40E2-AF94-AE92E31E250B}.Ad-Hoc|ARM.ActiveCfg = Release|Any CPU
		{53B669DB-EA60-40E2-AF94-AE92E31E250B}.Ad-Hoc|ARM.Build.0 = Release|Any CPU
		{53B669DB-EA60-40E2-AF94-AE92E31E250B}.Ad-Hoc|iPhone.ActiveCfg = Release|Any CPU
		{53B669DB-EA60-40E2-AF94-AE92E31E250B}.Ad-Hoc|iPhone.Build.0 = Release|Any CPU
		{53B669DB-EA60-40E2-AF94-AE92E31E250B}.Ad-Hoc|iPhoneSimulator.ActiveCfg = Release|Any CPU
		{53B669DB-EA60-40E2-AF94-AE92E31E250B}.Ad-Hoc|iPhoneSimulator.Build.0 = Release|Any CPU
		{53B669DB-EA60-40E2-AF94-AE92E31E250B}.Ad-Hoc|x64.ActiveCfg = Release|Any CPU
		{53B669DB-EA60-40E2-AF94-AE92E31E250B}.Ad-Hoc|x64.Build.0 = Release|Any CPU
		{53B669DB-EA60-40E2-AF94-AE92E31E250B}.Ad-Hoc|x86.ActiveCfg = Release|Any CPU
		{53B669DB-EA60-40E2-AF94-AE92E31E250B}.Ad-Hoc|x86.Build.0 = Release|Any CPU
		{53B669DB-EA60-40E2-AF94-AE92E31E250B}.AppStore|Any CPU.ActiveCfg = Release|Any CPU
		{53B669DB-EA60-40E2-AF94-AE92E31E250B}.AppStore|Any CPU.Build.0 = Release|Any CPU
		{53B669DB-EA60-40E2-AF94-AE92E31E250B}.AppStore|ARM.ActiveCfg = Release|Any CPU
		{53B669DB-EA60-40E2-AF94-AE92E31E250B}.AppStore|ARM.Build.0 = Release|Any CPU
		{53B669DB-EA60-40E2-AF94-AE92E31E250B}.AppStore|iPhone.ActiveCfg = Release|Any CPU
		{53B669DB-EA60-40E2-AF94-AE92E31E250B}.AppStore|iPhone.Build.0 = Release|Any CPU
		{53B669DB-EA60-40E2-AF94-AE92E31E250B}.AppStore|iPhoneSimulator.ActiveCfg = Release|Any CPU
		{53B669DB-EA60-40E2-AF94-AE92E31E250B}.AppStore|iPhoneSimulator.Build.0 = Release|Any CPU
		{53B669DB-EA60-40E2-AF94-AE92E31E250B}.AppStore|x64.ActiveCfg = Release|Any CPU
		{53B669DB-EA60-40E2-AF94-AE92E31E250B}.AppStore|x64.Build.0 = Release|Any CPU
		{53B669DB-EA60-40E2-AF94-AE92E31E250B}.AppStore|x86.ActiveCfg = Release|Any CPU
		{53B669DB-EA60-40E2-AF94-AE92E31E250B}.AppStore|x86.Build.0 = Release|Any CPU
		{53B669DB-EA60-40E2-AF94-AE92E31E250B}.Debug|Any CPU.ActiveCfg = Debug|Any CPU
		{53B669DB-EA60-40E2-AF94-AE92E31E250B}.Debug|Any CPU.Build.0 = Debug|Any CPU
		{53B669DB-EA60-40E2-AF94-AE92E31E250B}.Debug|ARM.ActiveCfg = Debug|Any CPU
		{53B669DB-EA60-40E2-AF94-AE92E31E250B}.Debug|ARM.Build.0 = Debug|Any CPU
		{53B669DB-EA60-40E2-AF94-AE92E31E250B}.Debug|iPhone.ActiveCfg = Debug|Any CPU
		{53B669DB-EA60-40E2-AF94-AE92E31E250B}.Debug|iPhone.Build.0 = Debug|Any CPU
		{53B669DB-EA60-40E2-AF94-AE92E31E250B}.Debug|iPhoneSimulator.ActiveCfg = Debug|Any CPU
		{53B669DB-EA60-40E2-AF94-AE92E31E250B}.Debug|iPhoneSimulator.Build.0 = Debug|Any CPU
		{53B669DB-EA60-40E2-AF94-AE92E31E250B}.Debug|x64.ActiveCfg = Debug|Any CPU
		{53B669DB-EA60-40E2-AF94-AE92E31E250B}.Debug|x64.Build.0 = Debug|Any CPU
		{53B669DB-EA60-40E2-AF94-AE92E31E250B}.Debug|x86.ActiveCfg = Debug|Any CPU
		{53B669DB-EA60-40E2-AF94-AE92E31E250B}.Debug|x86.Build.0 = Debug|Any CPU
		{53B669DB-EA60-40E2-AF94-AE92E31E250B}.Release|Any CPU.ActiveCfg = Release|Any CPU
		{53B669DB-EA60-40E2-AF94-AE92E31E250B}.Release|Any CPU.Build.0 = Release|Any CPU
		{53B669DB-EA60-40E2-AF94-AE92E31E250B}.Release|ARM.ActiveCfg = Release|Any CPU
		{53B669DB-EA60-40E2-AF94-AE92E31E250B}.Release|ARM.Build.0 = Release|Any CPU
		{53B669DB-EA60-40E2-AF94-AE92E31E250B}.Release|iPhone.ActiveCfg = Release|Any CPU
		{53B669DB-EA60-40E2-AF94-AE92E31E250B}.Release|iPhone.Build.0 = Release|Any CPU
		{53B669DB-EA60-40E2-AF94-AE92E31E250B}.Release|iPhoneSimulator.ActiveCfg = Release|Any CPU
		{53B669DB-EA60-40E2-AF94-AE92E31E250B}.Release|iPhoneSimulator.Build.0 = Release|Any CPU
		{53B669DB-EA60-40E2-AF94-AE92E31E250B}.Release|x64.ActiveCfg = Release|Any CPU
		{53B669DB-EA60-40E2-AF94-AE92E31E250B}.Release|x64.Build.0 = Release|Any CPU
		{53B669DB-EA60-40E2-AF94-AE92E31E250B}.Release|x86.ActiveCfg = Release|Any CPU
		{53B669DB-EA60-40E2-AF94-AE92E31E250B}.Release|x86.Build.0 = Release|Any CPU
	EndGlobalSection
	GlobalSection(SolutionProperties) = preSolution
		HideSolutionNode = FALSE
	EndGlobalSection
	GlobalSection(NestedProjects) = preSolution
		{875E44D7-0A20-46AA-8DC4-B5E7A1814B1A} = {D01191B5-C4C7-4605-9A34-5A01A38FC11D}
		{3FD8DE2D-1D2C-4841-807F-98B886F70062} = {D01191B5-C4C7-4605-9A34-5A01A38FC11D}
		{604E00E5-30E0-4F7D-85E0-8C5801BFCB13} = {D01191B5-C4C7-4605-9A34-5A01A38FC11D}
		{DD0C6E1F-1AB9-424E-B268-5ED036CB0072} = {5B25C555-755A-430E-B069-E371810AB967}
		{E09B41F3-31E7-4E2D-83AA-E74176BD28D7} = {5B25C555-755A-430E-B069-E371810AB967}
		{53B669DB-EA60-40E2-AF94-AE92E31E250B} = {5B25C555-755A-430E-B069-E371810AB967}
	EndGlobalSection
EndGlobal
